// !$*UTF8*$!
{
	archiveVersion = 1;
	classes = {
	};
	objectVersion = 46;
	objects = {

/* Begin PBXBuildFile section */
		819C46BE1E88EAAF001DCF2E /* AppDelegate.swift in Sources */ = {isa = PBXBuildFile; fileRef = 819C46BD1E88EAAF001DCF2E /* AppDelegate.swift */; };
		819C46C01E88EAAF001DCF2E /* ViewController.swift in Sources */ = {isa = PBXBuildFile; fileRef = 819C46BF1E88EAAF001DCF2E /* ViewController.swift */; };
		819C46C31E88EAAF001DCF2E /* Main.storyboard in Resources */ = {isa = PBXBuildFile; fileRef = 819C46C11E88EAAF001DCF2E /* Main.storyboard */; };
		819C46C51E88EAAF001DCF2E /* Assets.xcassets in Resources */ = {isa = PBXBuildFile; fileRef = 819C46C41E88EAAF001DCF2E /* Assets.xcassets */; };
		819C46C81E88EAAF001DCF2E /* LaunchScreen.storyboard in Resources */ = {isa = PBXBuildFile; fileRef = 819C46C61E88EAAF001DCF2E /* LaunchScreen.storyboard */; };
		819C46D31E88EAAF001DCF2E /* VZoneTests.swift in Sources */ = {isa = PBXBuildFile; fileRef = 819C46D21E88EAAF001DCF2E /* VZoneTests.swift */; };
		819C46DE1E88EAAF001DCF2E /* VZoneUITests.swift in Sources */ = {isa = PBXBuildFile; fileRef = 819C46DD1E88EAAF001DCF2E /* VZoneUITests.swift */; };
/* End PBXBuildFile section */

/* Begin PBXContainerItemProxy section */
		819C46CF1E88EAAF001DCF2E /* PBXContainerItemProxy */ = {
			isa = PBXContainerItemProxy;
			containerPortal = 819C46B21E88EAAF001DCF2E /* Project object */;
			proxyType = 1;
			remoteGlobalIDString = 819C46B91E88EAAF001DCF2E;
			remoteInfo = VZone;
		};
		819C46DA1E88EAAF001DCF2E /* PBXContainerItemProxy */ = {
			isa = PBXContainerItemProxy;
			containerPortal = 819C46B21E88EAAF001DCF2E /* Project object */;
			proxyType = 1;
			remoteGlobalIDString = 819C46B91E88EAAF001DCF2E;
			remoteInfo = VZone;
		};
/* End PBXContainerItemProxy section */

/* Begin PBXFileReference section */
		819C46BA1E88EAAF001DCF2E /* VZone.app */ = {isa = PBXFileReference; explicitFileType = wrapper.application; includeInIndex = 0; path = VZone.app; sourceTree = BUILT_PRODUCTS_DIR; };
		819C46BD1E88EAAF001DCF2E /* AppDelegate.swift */ = {isa = PBXFileReference; lastKnownFileType = sourcecode.swift; path = AppDelegate.swift; sourceTree = "<group>"; };
		819C46BF1E88EAAF001DCF2E /* ViewController.swift */ = {isa = PBXFileReference; lastKnownFileType = sourcecode.swift; path = ViewController.swift; sourceTree = "<group>"; };
		819C46C21E88EAAF001DCF2E /* Base */ = {isa = PBXFileReference; lastKnownFileType = file.storyboard; name = Base; path = Base.lproj/Main.storyboard; sourceTree = "<group>"; };
		819C46C41E88EAAF001DCF2E /* Assets.xcassets */ = {isa = PBXFileReference; lastKnownFileType = folder.assetcatalog; path = Assets.xcassets; sourceTree = "<group>"; };
		819C46C71E88EAAF001DCF2E /* Base */ = {isa = PBXFileReference; lastKnownFileType = file.storyboard; name = Base; path = Base.lproj/LaunchScreen.storyboard; sourceTree = "<group>"; };
		819C46C91E88EAAF001DCF2E /* Info.plist */ = {isa = PBXFileReference; lastKnownFileType = text.plist.xml; path = Info.plist; sourceTree = "<group>"; };
		819C46CE1E88EAAF001DCF2E /* VZoneTests.xctest */ = {isa = PBXFileReference; explicitFileType = wrapper.cfbundle; includeInIndex = 0; path = VZoneTests.xctest; sourceTree = BUILT_PRODUCTS_DIR; };
		819C46D21E88EAAF001DCF2E /* VZoneTests.swift */ = {isa = PBXFileReference; lastKnownFileType = sourcecode.swift; path = VZoneTests.swift; sourceTree = "<group>"; };
		819C46D41E88EAAF001DCF2E /* Info.plist */ = {isa = PBXFileReference; lastKnownFileType = text.plist.xml; path = Info.plist; sourceTree = "<group>"; };
		819C46D91E88EAAF001DCF2E /* VZoneUITests.xctest */ = {isa = PBXFileReference; explicitFileType = wrapper.cfbundle; includeInIndex = 0; path = VZoneUITests.xctest; sourceTree = BUILT_PRODUCTS_DIR; };
		819C46DD1E88EAAF001DCF2E /* VZoneUITests.swift */ = {isa = PBXFileReference; lastKnownFileType = sourcecode.swift; path = VZoneUITests.swift; sourceTree = "<group>"; };
		819C46DF1E88EAAF001DCF2E /* Info.plist */ = {isa = PBXFileReference; lastKnownFileType = text.plist.xml; path = Info.plist; sourceTree = "<group>"; };
/* End PBXFileReference section */

/* Begin PBXFrameworksBuildPhase section */
		819C46B71E88EAAF001DCF2E /* Frameworks */ = {
			isa = PBXFrameworksBuildPhase;
			buildActionMask = 2147483647;
			files = (
			);
			runOnlyForDeploymentPostprocessing = 0;
		};
		819C46CB1E88EAAF001DCF2E /* Frameworks */ = {
			isa = PBXFrameworksBuildPhase;
			buildActionMask = 2147483647;
			files = (
			);
			runOnlyForDeploymentPostprocessing = 0;
		};
		819C46D61E88EAAF001DCF2E /* Frameworks */ = {
			isa = PBXFrameworksBuildPhase;
			buildActionMask = 2147483647;
			files = (
			);
			runOnlyForDeploymentPostprocessing = 0;
		};
/* End PBXFrameworksBuildPhase section */

/* Begin PBXGroup section */
		819C46B11E88EAAF001DCF2E = {
			isa = PBXGroup;
			children = (
				819C46BC1E88EAAF001DCF2E /* VZone */,
				819C46D11E88EAAF001DCF2E /* VZoneTests */,
				819C46DC1E88EAAF001DCF2E /* VZoneUITests */,
				819C46BB1E88EAAF001DCF2E /* Products */,
			);
			sourceTree = "<group>";
		};
		819C46BB1E88EAAF001DCF2E /* Products */ = {
			isa = PBXGroup;
			children = (
				819C46BA1E88EAAF001DCF2E /* VZone.app */,
				819C46CE1E88EAAF001DCF2E /* VZoneTests.xctest */,
				819C46D91E88EAAF001DCF2E /* VZoneUITests.xctest */,
			);
			name = Products;
			sourceTree = "<group>";
		};
		819C46BC1E88EAAF001DCF2E /* VZone */ = {
			isa = PBXGroup;
			children = (
				819C46BD1E88EAAF001DCF2E /* AppDelegate.swift */,
				819C46BF1E88EAAF001DCF2E /* ViewController.swift */,
				819C46C11E88EAAF001DCF2E /* Main.storyboard */,
				819C46C41E88EAAF001DCF2E /* Assets.xcassets */,
				819C46C61E88EAAF001DCF2E /* LaunchScreen.storyboard */,
				819C46C91E88EAAF001DCF2E /* Info.plist */,
			);
			path = VZone;
			sourceTree = "<group>";
		};
		819C46D11E88EAAF001DCF2E /* VZoneTests */ = {
			isa = PBXGroup;
			children = (
				819C46D21E88EAAF001DCF2E /* VZoneTests.swift */,
				819C46D41E88EAAF001DCF2E /* Info.plist */,
			);
			path = VZoneTests;
			sourceTree = "<group>";
		};
		819C46DC1E88EAAF001DCF2E /* VZoneUITests */ = {
			isa = PBXGroup;
			children = (
				819C46DD1E88EAAF001DCF2E /* VZoneUITests.swift */,
				819C46DF1E88EAAF001DCF2E /* Info.plist */,
			);
			path = VZoneUITests;
			sourceTree = "<group>";
		};
/* End PBXGroup section */

/* Begin PBXNativeTarget section */
		819C46B91E88EAAF001DCF2E /* VZone */ = {
			isa = PBXNativeTarget;
			buildConfigurationList = 819C46E21E88EAAF001DCF2E /* Build configuration list for PBXNativeTarget "VZone" */;
			buildPhases = (
				819C46B61E88EAAF001DCF2E /* Sources */,
				819C46B71E88EAAF001DCF2E /* Frameworks */,
				819C46B81E88EAAF001DCF2E /* Resources */,
			);
			buildRules = (
			);
			dependencies = (
			);
			name = VZone;
			productName = VZone;
			productReference = 819C46BA1E88EAAF001DCF2E /* VZone.app */;
			productType = "com.apple.product-type.application";
		};
		819C46CD1E88EAAF001DCF2E /* VZoneTests */ = {
			isa = PBXNativeTarget;
			buildConfigurationList = 819C46E51E88EAAF001DCF2E /* Build configuration list for PBXNativeTarget "VZoneTests" */;
			buildPhases = (
				819C46CA1E88EAAF001DCF2E /* Sources */,
				819C46CB1E88EAAF001DCF2E /* Frameworks */,
				819C46CC1E88EAAF001DCF2E /* Resources */,
			);
			buildRules = (
			);
			dependencies = (
				819C46D01E88EAAF001DCF2E /* PBXTargetDependency */,
			);
			name = VZoneTests;
			productName = VZoneTests;
			productReference = 819C46CE1E88EAAF001DCF2E /* VZoneTests.xctest */;
			productType = "com.apple.product-type.bundle.unit-test";
		};
		819C46D81E88EAAF001DCF2E /* VZoneUITests */ = {
			isa = PBXNativeTarget;
			buildConfigurationList = 819C46E81E88EAAF001DCF2E /* Build configuration list for PBXNativeTarget "VZoneUITests" */;
			buildPhases = (
				819C46D51E88EAAF001DCF2E /* Sources */,
				819C46D61E88EAAF001DCF2E /* Frameworks */,
				819C46D71E88EAAF001DCF2E /* Resources */,
			);
			buildRules = (
			);
			dependencies = (
				819C46DB1E88EAAF001DCF2E /* PBXTargetDependency */,
			);
			name = VZoneUITests;
			productName = VZoneUITests;
			productReference = 819C46D91E88EAAF001DCF2E /* VZoneUITests.xctest */;
			productType = "com.apple.product-type.bundle.ui-testing";
		};
/* End PBXNativeTarget section */

/* Begin PBXProject section */
		819C46B21E88EAAF001DCF2E /* Project object */ = {
			isa = PBXProject;
			attributes = {
				LastSwiftUpdateCheck = 0820;
				LastUpgradeCheck = 0820;
				ORGANIZATIONNAME = "guo xiaowei";
				TargetAttributes = {
					819C46B91E88EAAF001DCF2E = {
						CreatedOnToolsVersion = 8.2.1;
						DevelopmentTeam = N5GUYQLDBX;
						ProvisioningStyle = Automatic;
					};
					819C46CD1E88EAAF001DCF2E = {
						CreatedOnToolsVersion = 8.2.1;
						DevelopmentTeam = N5GUYQLDBX;
						ProvisioningStyle = Automatic;
						TestTargetID = 819C46B91E88EAAF001DCF2E;
					};
					819C46D81E88EAAF001DCF2E = {
						CreatedOnToolsVersion = 8.2.1;
						DevelopmentTeam = N5GUYQLDBX;
						ProvisioningStyle = Automatic;
						TestTargetID = 819C46B91E88EAAF001DCF2E;
					};
				};
			};
			buildConfigurationList = 819C46B51E88EAAF001DCF2E /* Build configuration list for PBXProject "VZone" */;
			compatibilityVersion = "Xcode 3.2";
			developmentRegion = English;
			hasScannedForEncodings = 0;
			knownRegions = (
				en,
				Base,
			);
			mainGroup = 819C46B11E88EAAF001DCF2E;
			productRefGroup = 819C46BB1E88EAAF001DCF2E /* Products */;
			projectDirPath = "";
			projectRoot = "";
			targets = (
				819C46B91E88EAAF001DCF2E /* VZone */,
				819C46CD1E88EAAF001DCF2E /* VZoneTests */,
				819C46D81E88EAAF001DCF2E /* VZoneUITests */,
			);
		};
/* End PBXProject section */

/* Begin PBXResourcesBuildPhase section */
		819C46B81E88EAAF001DCF2E /* Resources */ = {
			isa = PBXResourcesBuildPhase;
			buildActionMask = 2147483647;
			files = (
				819C46C81E88EAAF001DCF2E /* LaunchScreen.storyboard in Resources */,
				819C46C51E88EAAF001DCF2E /* Assets.xcassets in Resources */,
				819C46C31E88EAAF001DCF2E /* Main.storyboard in Resources */,
			);
			runOnlyForDeploymentPostprocessing = 0;
		};
		819C46CC1E88EAAF001DCF2E /* Resources */ = {
			isa = PBXResourcesBuildPhase;
			buildActionMask = 2147483647;
			files = (
			);
			runOnlyForDeploymentPostprocessing = 0;
		};
		819C46D71E88EAAF001DCF2E /* Resources */ = {
			isa = PBXResourcesBuildPhase;
			buildActionMask = 2147483647;
			files = (
			);
			runOnlyForDeploymentPostprocessing = 0;
		};
/* End PBXResourcesBuildPhase section */

/* Begin PBXSourcesBuildPhase section */
		819C46B61E88EAAF001DCF2E /* Sources */ = {
			isa = PBXSourcesBuildPhase;
			buildActionMask = 2147483647;
			files = (
				819C46C01E88EAAF001DCF2E /* ViewController.swift in Sources */,
				819C46BE1E88EAAF001DCF2E /* AppDelegate.swift in Sources */,
			);
			runOnlyForDeploymentPostprocessing = 0;
		};
		819C46CA1E88EAAF001DCF2E /* Sources */ = {
			isa = PBXSourcesBuildPhase;
			buildActionMask = 2147483647;
			files = (
				819C46D31E88EAAF001DCF2E /* VZoneTests.swift in Sources */,
			);
			runOnlyForDeploymentPostprocessing = 0;
		};
		819C46D51E88EAAF001DCF2E /* Sources */ = {
			isa = PBXSourcesBuildPhase;
			buildActionMask = 2147483647;
			files = (
				819C46DE1E88EAAF001DCF2E /* VZoneUITests.swift in Sources */,
			);
			runOnlyForDeploymentPostprocessing = 0;
		};
/* End PBXSourcesBuildPhase section */

/* Begin PBXTargetDependency section */
		819C46D01E88EAAF001DCF2E /* PBXTargetDependency */ = {
			isa = PBXTargetDependency;
			target = 819C46B91E88EAAF001DCF2E /* VZone */;
			targetProxy = 819C46CF1E88EAAF001DCF2E /* PBXContainerItemProxy */;
		};
		819C46DB1E88EAAF001DCF2E /* PBXTargetDependency */ = {
			isa = PBXTargetDependency;
			target = 819C46B91E88EAAF001DCF2E /* VZone */;
			targetProxy = 819C46DA1E88EAAF001DCF2E /* PBXContainerItemProxy */;
		};
/* End PBXTargetDependency section */

/* Begin PBXVariantGroup section */
		819C46C11E88EAAF001DCF2E /* Main.storyboard */ = {
			isa = PBXVariantGroup;
			children = (
				819C46C21E88EAAF001DCF2E /* Base */,
			);
			name = Main.storyboard;
			sourceTree = "<group>";
		};
		819C46C61E88EAAF001DCF2E /* LaunchScreen.storyboard */ = {
			isa = PBXVariantGroup;
			children = (
				819C46C71E88EAAF001DCF2E /* Base */,
			);
			name = LaunchScreen.storyboard;
			sourceTree = "<group>";
		};
/* End PBXVariantGroup section */

/* Begin XCBuildConfiguration section */
		819C46E01E88EAAF001DCF2E /* Debug */ = {
			isa = XCBuildConfiguration;
			buildSettings = {
				ALWAYS_SEARCH_USER_PATHS = NO;
				CLANG_ANALYZER_NONNULL = YES;
				CLANG_CXX_LANGUAGE_STANDARD = "gnu++0x";
				CLANG_CXX_LIBRARY = "libc++";
				CLANG_ENABLE_MODULES = YES;
				CLANG_ENABLE_OBJC_ARC = YES;
				CLANG_WARN_BOOL_CONVERSION = YES;
				CLANG_WARN_CONSTANT_CONVERSION = YES;
				CLANG_WARN_DIRECT_OBJC_ISA_USAGE = YES_ERROR;
				CLANG_WARN_DOCUMENTATION_COMMENTS = YES;
				CLANG_WARN_EMPTY_BODY = YES;
				CLANG_WARN_ENUM_CONVERSION = YES;
				CLANG_WARN_INFINITE_RECURSION = YES;
				CLANG_WARN_INT_CONVERSION = YES;
				CLANG_WARN_OBJC_ROOT_CLASS = YES_ERROR;
				CLANG_WARN_SUSPICIOUS_MOVE = YES;
				CLANG_WARN_UNREACHABLE_CODE = YES;
				CLANG_WARN__DUPLICATE_METHOD_MATCH = YES;
				"CODE_SIGN_IDENTITY[sdk=iphoneos*]" = "iPhone Developer";
				COPY_PHASE_STRIP = NO;
				DEBUG_INFORMATION_FORMAT = dwarf;
				ENABLE_STRICT_OBJC_MSGSEND = YES;
				ENABLE_TESTABILITY = YES;
				GCC_C_LANGUAGE_STANDARD = gnu99;
				GCC_DYNAMIC_NO_PIC = NO;
				GCC_NO_COMMON_BLOCKS = YES;
				GCC_OPTIMIZATION_LEVEL = 0;
				GCC_PREPROCESSOR_DEFINITIONS = (
					"DEBUG=1",
					"$(inherited)",
				);
				GCC_WARN_64_TO_32_BIT_CONVERSION = YES;
				GCC_WARN_ABOUT_RETURN_TYPE = YES_ERROR;
				GCC_WARN_UNDECLARED_SELECTOR = YES;
				GCC_WARN_UNINITIALIZED_AUTOS = YES_AGGRESSIVE;
				GCC_WARN_UNUSED_FUNCTION = YES;
				GCC_WARN_UNUSED_VARIABLE = YES;
				IPHONEOS_DEPLOYMENT_TARGET = 10.2;
				MTL_ENABLE_DEBUG_INFO = YES;
				ONLY_ACTIVE_ARCH = YES;
				SDKROOT = iphoneos;
				SWIFT_ACTIVE_COMPILATION_CONDITIONS = DEBUG;
				SWIFT_OPTIMIZATION_LEVEL = "-Onone";
			};
			name = Debug;
		};
		819C46E11E88EAAF001DCF2E /* Release */ = {
			isa = XCBuildConfiguration;
			buildSettings = {
				ALWAYS_SEARCH_USER_PATHS = NO;
				CLANG_ANALYZER_NONNULL = YES;
				CLANG_CXX_LANGUAGE_STANDARD = "gnu++0x";
				CLANG_CXX_LIBRARY = "libc++";
				CLANG_ENABLE_MODULES = YES;
				CLANG_ENABLE_OBJC_ARC = YES;
				CLANG_WARN_BOOL_CONVERSION = YES;
				CLANG_WARN_CONSTANT_CONVERSION = YES;
				CLANG_WARN_DIRECT_OBJC_ISA_USAGE = YES_ERROR;
				CLANG_WARN_DOCUMENTATION_COMMENTS = YES;
				CLANG_WARN_EMPTY_BODY = YES;
				CLANG_WARN_ENUM_CONVERSION = YES;
				CLANG_WARN_INFINITE_RECURSION = YES;
				CLANG_WARN_INT_CONVERSION = YES;
				CLANG_WARN_OBJC_ROOT_CLASS = YES_ERROR;
				CLANG_WARN_SUSPICIOUS_MOVE = YES;
				CLANG_WARN_UNREACHABLE_CODE = YES;
				CLANG_WARN__DUPLICATE_METHOD_MATCH = YES;
				"CODE_SIGN_IDENTITY[sdk=iphoneos*]" = "iPhone Developer";
				COPY_PHASE_STRIP = NO;
				DEBUG_INFORMATION_FORMAT = "dwarf-with-dsym";
				ENABLE_NS_ASSERTIONS = NO;
				ENABLE_STRICT_OBJC_MSGSEND = YES;
				GCC_C_LANGUAGE_STANDARD = gnu99;
				GCC_NO_COMMON_BLOCKS = YES;
				GCC_WARN_64_TO_32_BIT_CONVERSION = YES;
				GCC_WARN_ABOUT_RETURN_TYPE = YES_ERROR;
				GCC_WARN_UNDECLARED_SELECTOR = YES;
				GCC_WARN_UNINITIALIZED_AUTOS = YES_AGGRESSIVE;
				GCC_WARN_UNUSED_FUNCTION = YES;
				GCC_WARN_UNUSED_VARIABLE = YES;
				IPHONEOS_DEPLOYMENT_TARGET = 10.2;
				MTL_ENABLE_DEBUG_INFO = NO;
				SDKROOT = iphoneos;
				SWIFT_OPTIMIZATION_LEVEL = "-Owholemodule";
				VALIDATE_PRODUCT = YES;
			};
			name = Release;
		};
		819C46E31E88EAAF001DCF2E /* Debug */ = {
			isa = XCBuildConfiguration;
			buildSettings = {
				ASSETCATALOG_COMPILER_APPICON_NAME = AppIcon;
				DEVELOPMENT_TEAM = N5GUYQLDBX;
				INFOPLIST_FILE = VZone/Info.plist;
				LD_RUNPATH_SEARCH_PATHS = "$(inherited) @executable_path/Frameworks";
				PRODUCT_BUNDLE_IDENTIFIER = gxw.VZone;
				PRODUCT_NAME = "$(TARGET_NAME)";
				SWIFT_VERSION = 3.0;
			};
			name = Debug;
		};
		819C46E41E88EAAF001DCF2E /* Release */ = {
			isa = XCBuildConfiguration;
			buildSettings = {
				ASSETCATALOG_COMPILER_APPICON_NAME = AppIcon;
				DEVELOPMENT_TEAM = N5GUYQLDBX;
				INFOPLIST_FILE = VZone/Info.plist;
				LD_RUNPATH_SEARCH_PATHS = "$(inherited) @executable_path/Frameworks";
				PRODUCT_BUNDLE_IDENTIFIER = gxw.VZone;
				PRODUCT_NAME = "$(TARGET_NAME)";
				SWIFT_VERSION = 3.0;
			};
			name = Release;
		};
		819C46E61E88EAAF001DCF2E /* Debug */ = {
			isa = XCBuildConfiguration;
			buildSettings = {
				ALWAYS_EMBED_SWIFT_STANDARD_LIBRARIES = YES;
				BUNDLE_LOADER = "$(TEST_HOST)";
				DEVELOPMENT_TEAM = N5GUYQLDBX;
				INFOPLIST_FILE = VZoneTests/Info.plist;
				LD_RUNPATH_SEARCH_PATHS = "$(inherited) @executable_path/Frameworks @loader_path/Frameworks";
				PRODUCT_BUNDLE_IDENTIFIER = gxw.VZoneTests;
				PRODUCT_NAME = "$(TARGET_NAME)";
				SWIFT_VERSION = 3.0;
				TEST_HOST = "$(BUILT_PRODUCTS_DIR)/VZone.app/VZone";
			};
			name = Debug;
		};
		819C46E71E88EAAF001DCF2E /* Release */ = {
			isa = XCBuildConfiguration;
			buildSettings = {
				ALWAYS_EMBED_SWIFT_STANDARD_LIBRARIES = YES;
				BUNDLE_LOADER = "$(TEST_HOST)";
				DEVELOPMENT_TEAM = N5GUYQLDBX;
				INFOPLIST_FILE = VZoneTests/Info.plist;
				LD_RUNPATH_SEARCH_PATHS = "$(inherited) @executable_path/Frameworks @loader_path/Frameworks";
				PRODUCT_BUNDLE_IDENTIFIER = gxw.VZoneTests;
				PRODUCT_NAME = "$(TARGET_NAME)";
				SWIFT_VERSION = 3.0;
				TEST_HOST = "$(BUILT_PRODUCTS_DIR)/VZone.app/VZone";
			};
			name = Release;
		};
		819C46E91E88EAAF001DCF2E /* Debug */ = {
			isa = XCBuildConfiguration;
			buildSettings = {
				ALWAYS_EMBED_SWIFT_STANDARD_LIBRARIES = YES;
				DEVELOPMENT_TEAM = N5GUYQLDBX;
				INFOPLIST_FILE = VZoneUITests/Info.plist;
				LD_RUNPATH_SEARCH_PATHS = "$(inherited) @executable_path/Frameworks @loader_path/Frameworks";
				PRODUCT_BUNDLE_IDENTIFIER = gxw.VZoneUITests;
				PRODUCT_NAME = "$(TARGET_NAME)";
				SWIFT_VERSION = 3.0;
				TEST_TARGET_NAME = VZone;
			};
			name = Debug;
		};
		819C46EA1E88EAAF001DCF2E /* Release */ = {
			isa = XCBuildConfiguration;
			buildSettings = {
				ALWAYS_EMBED_SWIFT_STANDARD_LIBRARIES = YES;
				DEVELOPMENT_TEAM = N5GUYQLDBX;
				INFOPLIST_FILE = VZoneUITests/Info.plist;
				LD_RUNPATH_SEARCH_PATHS = "$(inherited) @executable_path/Frameworks @loader_path/Frameworks";
				PRODUCT_BUNDLE_IDENTIFIER = gxw.VZoneUITests;
				PRODUCT_NAME = "$(TARGET_NAME)";
				SWIFT_VERSION = 3.0;
				TEST_TARGET_NAME = VZone;
			};
			name = Release;
		};
/* End XCBuildConfiguration section */

/* Begin XCConfigurationList section */
		819C46B51E88EAAF001DCF2E /* Build configuration list for PBXProject "VZone" */ = {
			isa = XCConfigurationList;
			buildConfigurations = (
				819C46E01E88EAAF001DCF2E /* Debug */,
				819C46E11E88EAAF001DCF2E /* Release */,
			);
			defaultConfigurationIsVisible = 0;
			defaultConfigurationName = Release;
		};
		819C46E21E88EAAF001DCF2E /* Build configuration list for PBXNativeTarget "VZone" */ = {
			isa = XCConfigurationList;
			buildConfigurations = (
				819C46E31E88EAAF001DCF2E /* Debug */,
				819C46E41E88EAAF001DCF2E /* Release */,
			);
			defaultConfigurationIsVisible = 0;
		};
		819C46E51E88EAAF001DCF2E /* Build configuration list for PBXNativeTarget "VZoneTests" */ = {
			isa = XCConfigurationList;
			buildConfigurations = (
				819C46E61E88EAAF001DCF2E /* Debug */,
				819C46E71E88EAAF001DCF2E /* Release */,
			);
			defaultConfigurationIsVisible = 0;
		};
		819C46E81E88EAAF001DCF2E /* Build configuration list for PBXNativeTarget "VZoneUITests" */ = {
			isa = XCConfigurationList;
			buildConfigurations = (
				819C46E91E88EAAF001DCF2E /* Debug */,
				819C46EA1E88EAAF001DCF2E /* Release */,
			);
			defaultConfigurationIsVisible = 0;
		};
/* End XCConfigurationList section */
	};
	rootObject = 819C46B21E88EAAF001DCF2E /* Project object */;
}
