// !$*UTF8*$!
{
	archiveVersion = 1;
	classes = {
	};
	objectVersion = 46;
	objects = {

/* Begin PBXBuildFile section */
		8043069C8655835048328636 /* libPods-VZone.a in Frameworks */ = {isa = PBXBuildFile; fileRef = 06C2E206CE692908B374D8CB /* libPods-VZone.a */; };
		8170BDC11E8A0FF900DEA49A /* Images.xcassets in Resources */ = {isa = PBXBuildFile; fileRef = 8170BDC01E8A0FF900DEA49A /* Images.xcassets */; };
		819C46F91E88F67A001DCF2E /* main.m in Sources */ = {isa = PBXBuildFile; fileRef = 819C46F81E88F67A001DCF2E /* main.m */; };
		819C46FC1E88F67A001DCF2E /* AppDelegate.m in Sources */ = {isa = PBXBuildFile; fileRef = 819C46FB1E88F67A001DCF2E /* AppDelegate.m */; };
		819C47121E88F67A001DCF2E /* VZoneTests.m in Sources */ = {isa = PBXBuildFile; fileRef = 819C47111E88F67A001DCF2E /* VZoneTests.m */; };
		819C471D1E88F67A001DCF2E /* VZoneUITests.m in Sources */ = {isa = PBXBuildFile; fileRef = 819C471C1E88F67A001DCF2E /* VZoneUITests.m */; };
		819C47301E890AC3001DCF2E /* AppDelegate+AppService.m in Sources */ = {isa = PBXBuildFile; fileRef = 819C472F1E890AC3001DCF2E /* AppDelegate+AppService.m */; };
		819C47331E890ADC001DCF2E /* AppDelegate+RootController.m in Sources */ = {isa = PBXBuildFile; fileRef = 819C47321E890ADC001DCF2E /* AppDelegate+RootController.m */; };
		819C47361E890AF2001DCF2E /* AppDelegate+AppLifeCircle.m in Sources */ = {isa = PBXBuildFile; fileRef = 819C47351E890AF2001DCF2E /* AppDelegate+AppLifeCircle.m */; };
		819C47391E891B9C001DCF2E /* VZLoginViewController.m in Sources */ = {isa = PBXBuildFile; fileRef = 819C47381E891B9C001DCF2E /* VZLoginViewController.m */; };
		819C47411E8927FF001DCF2E /* VZTabbarViewController.m in Sources */ = {isa = PBXBuildFile; fileRef = 819C47401E8927FF001DCF2E /* VZTabbarViewController.m */; };
		819C47451E8929F1001DCF2E /* BaseNavigationViewController.m in Sources */ = {isa = PBXBuildFile; fileRef = 819C47441E8929F1001DCF2E /* BaseNavigationViewController.m */; };
		819C47491E892D1F001DCF2E /* VZAccount.m in Sources */ = {isa = PBXBuildFile; fileRef = 819C47481E892D1F001DCF2E /* VZAccount.m */; };
/* End PBXBuildFile section */

/* Begin PBXContainerItemProxy section */
		819C470E1E88F67A001DCF2E /* PBXContainerItemProxy */ = {
			isa = PBXContainerItemProxy;
			containerPortal = 819C46EC1E88F67A001DCF2E /* Project object */;
			proxyType = 1;
			remoteGlobalIDString = 819C46F31E88F67A001DCF2E;
			remoteInfo = VZone;
		};
		819C47191E88F67A001DCF2E /* PBXContainerItemProxy */ = {
			isa = PBXContainerItemProxy;
			containerPortal = 819C46EC1E88F67A001DCF2E /* Project object */;
			proxyType = 1;
			remoteGlobalIDString = 819C46F31E88F67A001DCF2E;
			remoteInfo = VZone;
		};
/* End PBXContainerItemProxy section */

/* Begin PBXFileReference section */
		06C2E206CE692908B374D8CB /* libPods-VZone.a */ = {isa = PBXFileReference; explicitFileType = archive.ar; includeInIndex = 0; path = "libPods-VZone.a"; sourceTree = BUILT_PRODUCTS_DIR; };
		35B225310A0B49E99604E090 /* Pods-VZone.release.xcconfig */ = {isa = PBXFileReference; includeInIndex = 1; lastKnownFileType = text.xcconfig; name = "Pods-VZone.release.xcconfig"; path = "Pods/Target Support Files/Pods-VZone/Pods-VZone.release.xcconfig"; sourceTree = "<group>"; };
		8170BDC01E8A0FF900DEA49A /* Images.xcassets */ = {isa = PBXFileReference; lastKnownFileType = folder.assetcatalog; path = Images.xcassets; sourceTree = "<group>"; };
		819C46F41E88F67A001DCF2E /* VZone.app */ = {isa = PBXFileReference; explicitFileType = wrapper.application; includeInIndex = 0; path = VZone.app; sourceTree = BUILT_PRODUCTS_DIR; };
		819C46F81E88F67A001DCF2E /* main.m */ = {isa = PBXFileReference; lastKnownFileType = sourcecode.c.objc; path = main.m; sourceTree = "<group>"; };
		819C46FA1E88F67A001DCF2E /* AppDelegate.h */ = {isa = PBXFileReference; lastKnownFileType = sourcecode.c.h; path = AppDelegate.h; sourceTree = "<group>"; };
		819C46FB1E88F67A001DCF2E /* AppDelegate.m */ = {isa = PBXFileReference; lastKnownFileType = sourcecode.c.objc; path = AppDelegate.m; sourceTree = "<group>"; };
		819C47081E88F67A001DCF2E /* Info.plist */ = {isa = PBXFileReference; lastKnownFileType = text.plist.xml; path = Info.plist; sourceTree = "<group>"; };
		819C470D1E88F67A001DCF2E /* VZoneTests.xctest */ = {isa = PBXFileReference; explicitFileType = wrapper.cfbundle; includeInIndex = 0; path = VZoneTests.xctest; sourceTree = BUILT_PRODUCTS_DIR; };
		819C47111E88F67A001DCF2E /* VZoneTests.m */ = {isa = PBXFileReference; lastKnownFileType = sourcecode.c.objc; path = VZoneTests.m; sourceTree = "<group>"; };
		819C47131E88F67A001DCF2E /* Info.plist */ = {isa = PBXFileReference; lastKnownFileType = text.plist.xml; path = Info.plist; sourceTree = "<group>"; };
		819C47181E88F67A001DCF2E /* VZoneUITests.xctest */ = {isa = PBXFileReference; explicitFileType = wrapper.cfbundle; includeInIndex = 0; path = VZoneUITests.xctest; sourceTree = BUILT_PRODUCTS_DIR; };
		819C471C1E88F67A001DCF2E /* VZoneUITests.m */ = {isa = PBXFileReference; lastKnownFileType = sourcecode.c.objc; path = VZoneUITests.m; sourceTree = "<group>"; };
		819C471E1E88F67A001DCF2E /* Info.plist */ = {isa = PBXFileReference; lastKnownFileType = text.plist.xml; path = Info.plist; sourceTree = "<group>"; };
		819C472C1E8907F8001DCF2E /* config.h */ = {isa = PBXFileReference; lastKnownFileType = sourcecode.c.h; path = config.h; sourceTree = "<group>"; };
		819C472E1E890AC3001DCF2E /* AppDelegate+AppService.h */ = {isa = PBXFileReference; fileEncoding = 4; lastKnownFileType = sourcecode.c.h; path = "AppDelegate+AppService.h"; sourceTree = "<group>"; };
		819C472F1E890AC3001DCF2E /* AppDelegate+AppService.m */ = {isa = PBXFileReference; fileEncoding = 4; lastKnownFileType = sourcecode.c.objc; path = "AppDelegate+AppService.m"; sourceTree = "<group>"; };
		819C47311E890ADC001DCF2E /* AppDelegate+RootController.h */ = {isa = PBXFileReference; fileEncoding = 4; lastKnownFileType = sourcecode.c.h; path = "AppDelegate+RootController.h"; sourceTree = "<group>"; };
		819C47321E890ADC001DCF2E /* AppDelegate+RootController.m */ = {isa = PBXFileReference; fileEncoding = 4; lastKnownFileType = sourcecode.c.objc; path = "AppDelegate+RootController.m"; sourceTree = "<group>"; };
		819C47341E890AF2001DCF2E /* AppDelegate+AppLifeCircle.h */ = {isa = PBXFileReference; fileEncoding = 4; lastKnownFileType = sourcecode.c.h; path = "AppDelegate+AppLifeCircle.h"; sourceTree = "<group>"; };
		819C47351E890AF2001DCF2E /* AppDelegate+AppLifeCircle.m */ = {isa = PBXFileReference; fileEncoding = 4; lastKnownFileType = sourcecode.c.objc; path = "AppDelegate+AppLifeCircle.m"; sourceTree = "<group>"; };
		819C47371E891B9C001DCF2E /* VZLoginViewController.h */ = {isa = PBXFileReference; fileEncoding = 4; lastKnownFileType = sourcecode.c.h; path = VZLoginViewController.h; sourceTree = "<group>"; };
		819C47381E891B9C001DCF2E /* VZLoginViewController.m */ = {isa = PBXFileReference; fileEncoding = 4; lastKnownFileType = sourcecode.c.objc; path = VZLoginViewController.m; sourceTree = "<group>"; };
		819C473A1E891E44001DCF2E /* PrefixHeader.pch */ = {isa = PBXFileReference; lastKnownFileType = sourcecode.c.h; path = PrefixHeader.pch; sourceTree = "<group>"; };
		819C473F1E8927FF001DCF2E /* VZTabbarViewController.h */ = {isa = PBXFileReference; fileEncoding = 4; lastKnownFileType = sourcecode.c.h; path = VZTabbarViewController.h; sourceTree = "<group>"; };
		819C47401E8927FF001DCF2E /* VZTabbarViewController.m */ = {isa = PBXFileReference; fileEncoding = 4; lastKnownFileType = sourcecode.c.objc; path = VZTabbarViewController.m; sourceTree = "<group>"; };
		819C47431E8929F1001DCF2E /* BaseNavigationViewController.h */ = {isa = PBXFileReference; fileEncoding = 4; lastKnownFileType = sourcecode.c.h; path = BaseNavigationViewController.h; sourceTree = "<group>"; };
		819C47441E8929F1001DCF2E /* BaseNavigationViewController.m */ = {isa = PBXFileReference; fileEncoding = 4; lastKnownFileType = sourcecode.c.objc; path = BaseNavigationViewController.m; sourceTree = "<group>"; };
		819C47471E892D1F001DCF2E /* VZAccount.h */ = {isa = PBXFileReference; fileEncoding = 4; lastKnownFileType = sourcecode.c.h; path = VZAccount.h; sourceTree = "<group>"; };
		819C47481E892D1F001DCF2E /* VZAccount.m */ = {isa = PBXFileReference; fileEncoding = 4; lastKnownFileType = sourcecode.c.objc; path = VZAccount.m; sourceTree = "<group>"; };
		D4F429DB0FD32340FE9D2145 /* Pods-VZone.debug.xcconfig */ = {isa = PBXFileReference; includeInIndex = 1; lastKnownFileType = text.xcconfig; name = "Pods-VZone.debug.xcconfig"; path = "Pods/Target Support Files/Pods-VZone/Pods-VZone.debug.xcconfig"; sourceTree = "<group>"; };
/* End PBXFileReference section */

/* Begin PBXFrameworksBuildPhase section */
		819C46F11E88F67A001DCF2E /* Frameworks */ = {
			isa = PBXFrameworksBuildPhase;
			buildActionMask = 2147483647;
			files = (
				8043069C8655835048328636 /* libPods-VZone.a in Frameworks */,
			);
			runOnlyForDeploymentPostprocessing = 0;
		};
		819C470A1E88F67A001DCF2E /* Frameworks */ = {
			isa = PBXFrameworksBuildPhase;
			buildActionMask = 2147483647;
			files = (
			);
			runOnlyForDeploymentPostprocessing = 0;
		};
		819C47151E88F67A001DCF2E /* Frameworks */ = {
			isa = PBXFrameworksBuildPhase;
			buildActionMask = 2147483647;
			files = (
			);
			runOnlyForDeploymentPostprocessing = 0;
		};
/* End PBXFrameworksBuildPhase section */

/* Begin PBXGroup section */
		237A14207E44CA08BACFDE79 /* Pods */ = {
			isa = PBXGroup;
			children = (
				D4F429DB0FD32340FE9D2145 /* Pods-VZone.debug.xcconfig */,
				35B225310A0B49E99604E090 /* Pods-VZone.release.xcconfig */,
			);
			name = Pods;
			sourceTree = "<group>";
		};
		6A2B0855C0BBE24046463718 /* Frameworks */ = {
			isa = PBXGroup;
			children = (
				06C2E206CE692908B374D8CB /* libPods-VZone.a */,
			);
			name = Frameworks;
			sourceTree = "<group>";
		};
		819C46EB1E88F67A001DCF2E = {
			isa = PBXGroup;
			children = (
				819C46F61E88F67A001DCF2E /* VZone */,
				819C47101E88F67A001DCF2E /* VZoneTests */,
				819C471B1E88F67A001DCF2E /* VZoneUITests */,
				819C46F51E88F67A001DCF2E /* Products */,
				237A14207E44CA08BACFDE79 /* Pods */,
				6A2B0855C0BBE24046463718 /* Frameworks */,
			);
			sourceTree = "<group>";
		};
		819C46F51E88F67A001DCF2E /* Products */ = {
			isa = PBXGroup;
			children = (
				819C46F41E88F67A001DCF2E /* VZone.app */,
				819C470D1E88F67A001DCF2E /* VZoneTests.xctest */,
				819C47181E88F67A001DCF2E /* VZoneUITests.xctest */,
			);
			name = Products;
			sourceTree = "<group>";
		};
		819C46F61E88F67A001DCF2E /* VZone */ = {
			isa = PBXGroup;
			children = (
				819C472B1E89077A001DCF2E /* Bases */,
				819C472A1E89067E001DCF2E /* Classes */,
				8170BDC01E8A0FF900DEA49A /* Images.xcassets */,
				819C46F71E88F67A001DCF2E /* Supporting Files */,
			);
			path = VZone;
			sourceTree = "<group>";
		};
		819C46F71E88F67A001DCF2E /* Supporting Files */ = {
			isa = PBXGroup;
			children = (
				819C46F81E88F67A001DCF2E /* main.m */,
				819C473A1E891E44001DCF2E /* PrefixHeader.pch */,
			);
			name = "Supporting Files";
			sourceTree = "<group>";
		};
		819C47101E88F67A001DCF2E /* VZoneTests */ = {
			isa = PBXGroup;
			children = (
				819C47111E88F67A001DCF2E /* VZoneTests.m */,
				819C47131E88F67A001DCF2E /* Info.plist */,
			);
			path = VZoneTests;
			sourceTree = "<group>";
		};
		819C471B1E88F67A001DCF2E /* VZoneUITests */ = {
			isa = PBXGroup;
			children = (
				819C471C1E88F67A001DCF2E /* VZoneUITests.m */,
				819C471E1E88F67A001DCF2E /* Info.plist */,
			);
			path = VZoneUITests;
			sourceTree = "<group>";
		};
		819C472A1E89067E001DCF2E /* Classes */ = {
			isa = PBXGroup;
			children = (
				819C47421E89299C001DCF2E /* BaseViewController */,
				819C473B1E892779001DCF2E /* TabbarController */,
				819C47371E891B9C001DCF2E /* VZLoginViewController.h */,
				819C47381E891B9C001DCF2E /* VZLoginViewController.m */,
			);
			name = Classes;
			sourceTree = "<group>";
		};
		819C472B1E89077A001DCF2E /* Bases */ = {
			isa = PBXGroup;
			children = (
				819C47461E892CC3001DCF2E /* Account */,
				819C472D1E8909CD001DCF2E /* Delegate */,
				819C47081E88F67A001DCF2E /* Info.plist */,
				819C472C1E8907F8001DCF2E /* config.h */,
			);
			name = Bases;
			sourceTree = "<group>";
		};
		819C472D1E8909CD001DCF2E /* Delegate */ = {
			isa = PBXGroup;
			children = (
				819C46FA1E88F67A001DCF2E /* AppDelegate.h */,
				819C46FB1E88F67A001DCF2E /* AppDelegate.m */,
				819C472E1E890AC3001DCF2E /* AppDelegate+AppService.h */,
				819C472F1E890AC3001DCF2E /* AppDelegate+AppService.m */,
				819C47311E890ADC001DCF2E /* AppDelegate+RootController.h */,
				819C47321E890ADC001DCF2E /* AppDelegate+RootController.m */,
				819C47341E890AF2001DCF2E /* AppDelegate+AppLifeCircle.h */,
				819C47351E890AF2001DCF2E /* AppDelegate+AppLifeCircle.m */,
			);
			name = Delegate;
			sourceTree = "<group>";
		};
		819C473B1E892779001DCF2E /* TabbarController */ = {
			isa = PBXGroup;
			children = (
				819C473F1E8927FF001DCF2E /* VZTabbarViewController.h */,
				819C47401E8927FF001DCF2E /* VZTabbarViewController.m */,
			);
			name = TabbarController;
			sourceTree = "<group>";
		};
		819C47421E89299C001DCF2E /* BaseViewController */ = {
			isa = PBXGroup;
			children = (
				819C47431E8929F1001DCF2E /* BaseNavigationViewController.h */,
				819C47441E8929F1001DCF2E /* BaseNavigationViewController.m */,
			);
			name = BaseViewController;
			sourceTree = "<group>";
		};
		819C47461E892CC3001DCF2E /* Account */ = {
			isa = PBXGroup;
			children = (
				819C47471E892D1F001DCF2E /* VZAccount.h */,
				819C47481E892D1F001DCF2E /* VZAccount.m */,
			);
			name = Account;
			sourceTree = "<group>";
		};
/* End PBXGroup section */

/* Begin PBXNativeTarget section */
		819C46F31E88F67A001DCF2E /* VZone */ = {
			isa = PBXNativeTarget;
			buildConfigurationList = 819C47211E88F67A001DCF2E /* Build configuration list for PBXNativeTarget "VZone" */;
			buildPhases = (
				6E8742A0124198E5CB8D0CD8 /* [CP] Check Pods Manifest.lock */,
				819C46F01E88F67A001DCF2E /* Sources */,
				819C46F11E88F67A001DCF2E /* Frameworks */,
				819C46F21E88F67A001DCF2E /* Resources */,
				F91DB9D61CE02CB23626EB90 /* [CP] Embed Pods Frameworks */,
				677E3EA738D872A42634826D /* [CP] Copy Pods Resources */,
			);
			buildRules = (
			);
			dependencies = (
			);
			name = VZone;
			productName = VZone;
			productReference = 819C46F41E88F67A001DCF2E /* VZone.app */;
			productType = "com.apple.product-type.application";
		};
		819C470C1E88F67A001DCF2E /* VZoneTests */ = {
			isa = PBXNativeTarget;
			buildConfigurationList = 819C47241E88F67A001DCF2E /* Build configuration list for PBXNativeTarget "VZoneTests" */;
			buildPhases = (
				819C47091E88F67A001DCF2E /* Sources */,
				819C470A1E88F67A001DCF2E /* Frameworks */,
				819C470B1E88F67A001DCF2E /* Resources */,
			);
			buildRules = (
			);
			dependencies = (
				819C470F1E88F67A001DCF2E /* PBXTargetDependency */,
			);
			name = VZoneTests;
			productName = VZoneTests;
			productReference = 819C470D1E88F67A001DCF2E /* VZoneTests.xctest */;
			productType = "com.apple.product-type.bundle.unit-test";
		};
		819C47171E88F67A001DCF2E /* VZoneUITests */ = {
			isa = PBXNativeTarget;
			buildConfigurationList = 819C47271E88F67A001DCF2E /* Build configuration list for PBXNativeTarget "VZoneUITests" */;
			buildPhases = (
				819C47141E88F67A001DCF2E /* Sources */,
				819C47151E88F67A001DCF2E /* Frameworks */,
				819C47161E88F67A001DCF2E /* Resources */,
			);
			buildRules = (
			);
			dependencies = (
				819C471A1E88F67A001DCF2E /* PBXTargetDependency */,
			);
			name = VZoneUITests;
			productName = VZoneUITests;
			productReference = 819C47181E88F67A001DCF2E /* VZoneUITests.xctest */;
			productType = "com.apple.product-type.bundle.ui-testing";
		};
/* End PBXNativeTarget section */

/* Begin PBXProject section */
		819C46EC1E88F67A001DCF2E /* Project object */ = {
			isa = PBXProject;
			attributes = {
				LastUpgradeCheck = 0820;
				ORGANIZATIONNAME = "guo xiaowei";
				TargetAttributes = {
					819C46F31E88F67A001DCF2E = {
						CreatedOnToolsVersion = 8.2.1;
						DevelopmentTeam = N5GUYQLDBX;
						ProvisioningStyle = Automatic;
					};
					819C470C1E88F67A001DCF2E = {
						CreatedOnToolsVersion = 8.2.1;
						DevelopmentTeam = N5GUYQLDBX;
						ProvisioningStyle = Automatic;
						TestTargetID = 819C46F31E88F67A001DCF2E;
					};
					819C47171E88F67A001DCF2E = {
						CreatedOnToolsVersion = 8.2.1;
						DevelopmentTeam = N5GUYQLDBX;
						ProvisioningStyle = Automatic;
						TestTargetID = 819C46F31E88F67A001DCF2E;
					};
				};
			};
			buildConfigurationList = 819C46EF1E88F67A001DCF2E /* Build configuration list for PBXProject "VZone" */;
			compatibilityVersion = "Xcode 3.2";
			developmentRegion = English;
			hasScannedForEncodings = 0;
			knownRegions = (
				en,
				Base,
			);
			mainGroup = 819C46EB1E88F67A001DCF2E;
			productRefGroup = 819C46F51E88F67A001DCF2E /* Products */;
			projectDirPath = "";
			projectRoot = "";
			targets = (
				819C46F31E88F67A001DCF2E /* VZone */,
				819C470C1E88F67A001DCF2E /* VZoneTests */,
				819C47171E88F67A001DCF2E /* VZoneUITests */,
			);
		};
/* End PBXProject section */

/* Begin PBXResourcesBuildPhase section */
		819C46F21E88F67A001DCF2E /* Resources */ = {
			isa = PBXResourcesBuildPhase;
			buildActionMask = 2147483647;
			files = (
				8170BDC11E8A0FF900DEA49A /* Images.xcassets in Resources */,
			);
			runOnlyForDeploymentPostprocessing = 0;
		};
		819C470B1E88F67A001DCF2E /* Resources */ = {
			isa = PBXResourcesBuildPhase;
			buildActionMask = 2147483647;
			files = (
			);
			runOnlyForDeploymentPostprocessing = 0;
		};
		819C47161E88F67A001DCF2E /* Resources */ = {
			isa = PBXResourcesBuildPhase;
			buildActionMask = 2147483647;
			files = (
			);
			runOnlyForDeploymentPostprocessing = 0;
		};
/* End PBXResourcesBuildPhase section */

/* Begin PBXShellScriptBuildPhase section */
		677E3EA738D872A42634826D /* [CP] Copy Pods Resources */ = {
			isa = PBXShellScriptBuildPhase;
			buildActionMask = 2147483647;
			files = (
			);
			inputPaths = (
			);
			name = "[CP] Copy Pods Resources";
			outputPaths = (
			);
			runOnlyForDeploymentPostprocessing = 0;
			shellPath = /bin/sh;
			shellScript = "\"${SRCROOT}/Pods/Target Support Files/Pods-VZone/Pods-VZone-resources.sh\"\n";
			showEnvVarsInLog = 0;
		};
		6E8742A0124198E5CB8D0CD8 /* [CP] Check Pods Manifest.lock */ = {
			isa = PBXShellScriptBuildPhase;
			buildActionMask = 2147483647;
			files = (
			);
			inputPaths = (
			);
			name = "[CP] Check Pods Manifest.lock";
			outputPaths = (
			);
			runOnlyForDeploymentPostprocessing = 0;
			shellPath = /bin/sh;
			shellScript = "diff \"${PODS_ROOT}/../Podfile.lock\" \"${PODS_ROOT}/Manifest.lock\" > /dev/null\nif [ $? != 0 ] ; then\n    # print error to STDERR\n    echo \"error: The sandbox is not in sync with the Podfile.lock. Run 'pod install' or update your CocoaPods installation.\" >&2\n    exit 1\nfi\n";
			showEnvVarsInLog = 0;
		};
		F91DB9D61CE02CB23626EB90 /* [CP] Embed Pods Frameworks */ = {
			isa = PBXShellScriptBuildPhase;
			buildActionMask = 2147483647;
			files = (
			);
			inputPaths = (
			);
			name = "[CP] Embed Pods Frameworks";
			outputPaths = (
			);
			runOnlyForDeploymentPostprocessing = 0;
			shellPath = /bin/sh;
			shellScript = "\"${SRCROOT}/Pods/Target Support Files/Pods-VZone/Pods-VZone-frameworks.sh\"\n";
			showEnvVarsInLog = 0;
		};
/* End PBXShellScriptBuildPhase section */

/* Begin PBXSourcesBuildPhase section */
		819C46F01E88F67A001DCF2E /* Sources */ = {
			isa = PBXSourcesBuildPhase;
			buildActionMask = 2147483647;
			files = (
				819C47391E891B9C001DCF2E /* VZLoginViewController.m in Sources */,
				819C47301E890AC3001DCF2E /* AppDelegate+AppService.m in Sources */,
				819C46FC1E88F67A001DCF2E /* AppDelegate.m in Sources */,
				819C47451E8929F1001DCF2E /* BaseNavigationViewController.m in Sources */,
				819C47491E892D1F001DCF2E /* VZAccount.m in Sources */,
				819C47331E890ADC001DCF2E /* AppDelegate+RootController.m in Sources */,
				819C47411E8927FF001DCF2E /* VZTabbarViewController.m in Sources */,
				819C47361E890AF2001DCF2E /* AppDelegate+AppLifeCircle.m in Sources */,
				819C46F91E88F67A001DCF2E /* main.m in Sources */,
			);
			runOnlyForDeploymentPostprocessing = 0;
		};
		819C47091E88F67A001DCF2E /* Sources */ = {
			isa = PBXSourcesBuildPhase;
			buildActionMask = 2147483647;
			files = (
				819C47121E88F67A001DCF2E /* VZoneTests.m in Sources */,
			);
			runOnlyForDeploymentPostprocessing = 0;
		};
		819C47141E88F67A001DCF2E /* Sources */ = {
			isa = PBXSourcesBuildPhase;
			buildActionMask = 2147483647;
			files = (
				819C471D1E88F67A001DCF2E /* VZoneUITests.m in Sources */,
			);
			runOnlyForDeploymentPostprocessing = 0;
		};
/* End PBXSourcesBuildPhase section */

/* Begin PBXTargetDependency section */
		819C470F1E88F67A001DCF2E /* PBXTargetDependency */ = {
			isa = PBXTargetDependency;
			target = 819C46F31E88F67A001DCF2E /* VZone */;
			targetProxy = 819C470E1E88F67A001DCF2E /* PBXContainerItemProxy */;
		};
		819C471A1E88F67A001DCF2E /* PBXTargetDependency */ = {
			isa = PBXTargetDependency;
			target = 819C46F31E88F67A001DCF2E /* VZone */;
			targetProxy = 819C47191E88F67A001DCF2E /* PBXContainerItemProxy */;
		};
/* End PBXTargetDependency section */

/* Begin XCBuildConfiguration section */
		819C471F1E88F67A001DCF2E /* Debug */ = {
			isa = XCBuildConfiguration;
			buildSettings = {
				ALWAYS_SEARCH_USER_PATHS = NO;
				CLANG_ANALYZER_NONNULL = YES;
				CLANG_CXX_LANGUAGE_STANDARD = "gnu++0x";
				CLANG_CXX_LIBRARY = "libc++";
				CLANG_ENABLE_MODULES = YES;
				CLANG_ENABLE_OBJC_ARC = YES;
				CLANG_WARN_BOOL_CONVERSION = YES;
				CLANG_WARN_CONSTANT_CONVERSION = YES;
				CLANG_WARN_DIRECT_OBJC_ISA_USAGE = YES_ERROR;
				CLANG_WARN_DOCUMENTATION_COMMENTS = YES;
				CLANG_WARN_EMPTY_BODY = YES;
				CLANG_WARN_ENUM_CONVERSION = YES;
				CLANG_WARN_INFINITE_RECURSION = YES;
				CLANG_WARN_INT_CONVERSION = YES;
				CLANG_WARN_OBJC_ROOT_CLASS = YES_ERROR;
				CLANG_WARN_SUSPICIOUS_MOVE = YES;
				CLANG_WARN_UNREACHABLE_CODE = YES;
				CLANG_WARN__DUPLICATE_METHOD_MATCH = YES;
				"CODE_SIGN_IDENTITY[sdk=iphoneos*]" = "iPhone Developer";
				COPY_PHASE_STRIP = NO;
				DEBUG_INFORMATION_FORMAT = dwarf;
				ENABLE_STRICT_OBJC_MSGSEND = YES;
				ENABLE_TESTABILITY = YES;
				GCC_C_LANGUAGE_STANDARD = gnu99;
				GCC_DYNAMIC_NO_PIC = NO;
				GCC_NO_COMMON_BLOCKS = YES;
				GCC_OPTIMIZATION_LEVEL = 0;
				GCC_PREPROCESSOR_DEFINITIONS = (
					"DEBUG=1",
					"$(inherited)",
				);
				GCC_WARN_64_TO_32_BIT_CONVERSION = YES;
				GCC_WARN_ABOUT_RETURN_TYPE = YES_ERROR;
				GCC_WARN_UNDECLARED_SELECTOR = YES;
				GCC_WARN_UNINITIALIZED_AUTOS = YES_AGGRESSIVE;
				GCC_WARN_UNUSED_FUNCTION = YES;
				GCC_WARN_UNUSED_VARIABLE = YES;
				IPHONEOS_DEPLOYMENT_TARGET = 8.0;
				MTL_ENABLE_DEBUG_INFO = YES;
				ONLY_ACTIVE_ARCH = YES;
				SDKROOT = iphoneos;
			};
			name = Debug;
		};
		819C47201E88F67A001DCF2E /* Release */ = {
			isa = XCBuildConfiguration;
			buildSettings = {
				ALWAYS_SEARCH_USER_PATHS = NO;
				CLANG_ANALYZER_NONNULL = YES;
				CLANG_CXX_LANGUAGE_STANDARD = "gnu++0x";
				CLANG_CXX_LIBRARY = "libc++";
				CLANG_ENABLE_MODULES = YES;
				CLANG_ENABLE_OBJC_ARC = YES;
				CLANG_WARN_BOOL_CONVERSION = YES;
				CLANG_WARN_CONSTANT_CONVERSION = YES;
				CLANG_WARN_DIRECT_OBJC_ISA_USAGE = YES_ERROR;
				CLANG_WARN_DOCUMENTATION_COMMENTS = YES;
				CLANG_WARN_EMPTY_BODY = YES;
				CLANG_WARN_ENUM_CONVERSION = YES;
				CLANG_WARN_INFINITE_RECURSION = YES;
				CLANG_WARN_INT_CONVERSION = YES;
				CLANG_WARN_OBJC_ROOT_CLASS = YES_ERROR;
				CLANG_WARN_SUSPICIOUS_MOVE = YES;
				CLANG_WARN_UNREACHABLE_CODE = YES;
				CLANG_WARN__DUPLICATE_METHOD_MATCH = YES;
				"CODE_SIGN_IDENTITY[sdk=iphoneos*]" = "iPhone Developer";
				COPY_PHASE_STRIP = NO;
				DEBUG_INFORMATION_FORMAT = "dwarf-with-dsym";
				ENABLE_NS_ASSERTIONS = NO;
				ENABLE_STRICT_OBJC_MSGSEND = YES;
				GCC_C_LANGUAGE_STANDARD = gnu99;
				GCC_NO_COMMON_BLOCKS = YES;
				GCC_WARN_64_TO_32_BIT_CONVERSION = YES;
				GCC_WARN_ABOUT_RETURN_TYPE = YES_ERROR;
				GCC_WARN_UNDECLARED_SELECTOR = YES;
				GCC_WARN_UNINITIALIZED_AUTOS = YES_AGGRESSIVE;
				GCC_WARN_UNUSED_FUNCTION = YES;
				GCC_WARN_UNUSED_VARIABLE = YES;
				IPHONEOS_DEPLOYMENT_TARGET = 8.0;
				MTL_ENABLE_DEBUG_INFO = NO;
				SDKROOT = iphoneos;
				VALIDATE_PRODUCT = YES;
			};
			name = Release;
		};
		819C47221E88F67A001DCF2E /* Debug */ = {
			isa = XCBuildConfiguration;
			baseConfigurationReference = D4F429DB0FD32340FE9D2145 /* Pods-VZone.debug.xcconfig */;
			buildSettings = {
				ASSETCATALOG_COMPILER_APPICON_NAME = AppIcon;
				ASSETCATALOG_COMPILER_LAUNCHIMAGE_NAME = LaunchImage;
				DEVELOPMENT_TEAM = N5GUYQLDBX;
				ENABLE_BITCODE = NO;
				GCC_PREFIX_HEADER = VZone/PrefixHeader.pch;
				INFOPLIST_FILE = VZone/Info.plist;
				IPHONEOS_DEPLOYMENT_TARGET = 8.0;
				LD_RUNPATH_SEARCH_PATHS = "$(inherited) @executable_path/Frameworks";
				PRODUCT_BUNDLE_IDENTIFIER = gxw.VZone;
				PRODUCT_NAME = "$(TARGET_NAME)";
			};
			name = Debug;
		};
		819C47231E88F67A001DCF2E /* Release */ = {
			isa = XCBuildConfiguration;
			baseConfigurationReference = 35B225310A0B49E99604E090 /* Pods-VZone.release.xcconfig */;
			buildSettings = {
				ASSETCATALOG_COMPILER_APPICON_NAME = AppIcon;
				ASSETCATALOG_COMPILER_LAUNCHIMAGE_NAME = LaunchImage;
				DEVELOPMENT_TEAM = N5GUYQLDBX;
				ENABLE_BITCODE = NO;
				GCC_PREFIX_HEADER = VZone/PrefixHeader.pch;
				INFOPLIST_FILE = VZone/Info.plist;
				IPHONEOS_DEPLOYMENT_TARGET = 8.0;
				LD_RUNPATH_SEARCH_PATHS = "$(inherited) @executable_path/Frameworks";
				PRODUCT_BUNDLE_IDENTIFIER = gxw.VZone;
				PRODUCT_NAME = "$(TARGET_NAME)";
			};
			name = Release;
		};
		819C47251E88F67A001DCF2E /* Debug */ = {
			isa = XCBuildConfiguration;
			buildSettings = {
				BUNDLE_LOADER = "$(TEST_HOST)";
				DEVELOPMENT_TEAM = N5GUYQLDBX;
				INFOPLIST_FILE = VZoneTests/Info.plist;
				LD_RUNPATH_SEARCH_PATHS = "$(inherited) @executable_path/Frameworks @loader_path/Frameworks";
				PRODUCT_BUNDLE_IDENTIFIER = gxw.VZoneTests;
				PRODUCT_NAME = "$(TARGET_NAME)";
				TEST_HOST = "$(BUILT_PRODUCTS_DIR)/VZone.app/VZone";
			};
			name = Debug;
		};
		819C47261E88F67A001DCF2E /* Release */ = {
			isa = XCBuildConfiguration;
			buildSettings = {
				BUNDLE_LOADER = "$(TEST_HOST)";
				DEVELOPMENT_TEAM = N5GUYQLDBX;
				INFOPLIST_FILE = VZoneTests/Info.plist;
				LD_RUNPATH_SEARCH_PATHS = "$(inherited) @executable_path/Frameworks @loader_path/Frameworks";
				PRODUCT_BUNDLE_IDENTIFIER = gxw.VZoneTests;
				PRODUCT_NAME = "$(TARGET_NAME)";
				TEST_HOST = "$(BUILT_PRODUCTS_DIR)/VZone.app/VZone";
			};
			name = Release;
		};
		819C47281E88F67A001DCF2E /* Debug */ = {
			isa = XCBuildConfiguration;
			buildSettings = {
				DEVELOPMENT_TEAM = N5GUYQLDBX;
				INFOPLIST_FILE = VZoneUITests/Info.plist;
				LD_RUNPATH_SEARCH_PATHS = "$(inherited) @executable_path/Frameworks @loader_path/Frameworks";
				PRODUCT_BUNDLE_IDENTIFIER = gxw.VZoneUITests;
				PRODUCT_NAME = "$(TARGET_NAME)";
				TEST_TARGET_NAME = VZone;
			};
			name = Debug;
		};
		819C47291E88F67A001DCF2E /* Release */ = {
			isa = XCBuildConfiguration;
			buildSettings = {
				DEVELOPMENT_TEAM = N5GUYQLDBX;
				INFOPLIST_FILE = VZoneUITests/Info.plist;
				LD_RUNPATH_SEARCH_PATHS = "$(inherited) @executable_path/Frameworks @loader_path/Frameworks";
				PRODUCT_BUNDLE_IDENTIFIER = gxw.VZoneUITests;
				PRODUCT_NAME = "$(TARGET_NAME)";
				TEST_TARGET_NAME = VZone;
			};
			name = Release;
		};
/* End XCBuildConfiguration section */

/* Begin XCConfigurationList section */
		819C46EF1E88F67A001DCF2E /* Build configuration list for PBXProject "VZone" */ = {
			isa = XCConfigurationList;
			buildConfigurations = (
				819C471F1E88F67A001DCF2E /* Debug */,
				819C47201E88F67A001DCF2E /* Release */,
			);
			defaultConfigurationIsVisible = 0;
			defaultConfigurationName = Release;
		};
		819C47211E88F67A001DCF2E /* Build configuration list for PBXNativeTarget "VZone" */ = {
			isa = XCConfigurationList;
			buildConfigurations = (
				819C47221E88F67A001DCF2E /* Debug */,
				819C47231E88F67A001DCF2E /* Release */,
			);
			defaultConfigurationIsVisible = 0;
			defaultConfigurationName = Release;
		};
		819C47241E88F67A001DCF2E /* Build configuration list for PBXNativeTarget "VZoneTests" */ = {
			isa = XCConfigurationList;
			buildConfigurations = (
				819C47251E88F67A001DCF2E /* Debug */,
				819C47261E88F67A001DCF2E /* Release */,
			);
			defaultConfigurationIsVisible = 0;
			defaultConfigurationName = Release;
		};
		819C47271E88F67A001DCF2E /* Build configuration list for PBXNativeTarget "VZoneUITests" */ = {
			isa = XCConfigurationList;
			buildConfigurations = (
				819C47281E88F67A001DCF2E /* Debug */,
				819C47291E88F67A001DCF2E /* Release */,
			);
			defaultConfigurationIsVisible = 0;
			defaultConfigurationName = Release;
		};
/* End XCConfigurationList section */
	};
	rootObject = 819C46EC1E88F67A001DCF2E /* Project object */;
}
