// !$*UTF8*$!
{
	archiveVersion = 1;
	classes = {
	};
	objectVersion = 46;
	objects = {

/* Begin PBXBuildFile section */
		8043069C8655835048328636 /* libPods-VZone.a in Frameworks */ = {isa = PBXBuildFile; fileRef = 06C2E206CE692908B374D8CB /* libPods-VZone.a */; };
		8169DA661EB1D30C00EC97CC /* VZAccount.m in Sources */ = {isa = PBXBuildFile; fileRef = 8169D9FF1EB1D30C00EC97CC /* VZAccount.m */; };
		8169DA671EB1D30C00EC97CC /* AppDelegate+AppLifeCircle.m in Sources */ = {isa = PBXBuildFile; fileRef = 8169DA021EB1D30C00EC97CC /* AppDelegate+AppLifeCircle.m */; };
		8169DA681EB1D30C00EC97CC /* AppDelegate+AppService.m in Sources */ = {isa = PBXBuildFile; fileRef = 8169DA041EB1D30C00EC97CC /* AppDelegate+AppService.m */; };
		8169DA691EB1D30C00EC97CC /* AppDelegate+RootController.m in Sources */ = {isa = PBXBuildFile; fileRef = 8169DA061EB1D30C00EC97CC /* AppDelegate+RootController.m */; };
		8169DA6A1EB1D30C00EC97CC /* AppDelegate.m in Sources */ = {isa = PBXBuildFile; fileRef = 8169DA081EB1D30C00EC97CC /* AppDelegate.m */; };
		8169DA7F1EB1D30C00EC97CC /* JYImagePickerManager.m in Sources */ = {isa = PBXBuildFile; fileRef = 8169DA3D1EB1D30C00EC97CC /* JYImagePickerManager.m */; };
		8169DA801EB1D30C00EC97CC /* NSBundle+TZImagePicker.m in Sources */ = {isa = PBXBuildFile; fileRef = 8169DA401EB1D30C00EC97CC /* NSBundle+TZImagePicker.m */; };
		8169DA811EB1D30C00EC97CC /* TZAssetCell.m in Sources */ = {isa = PBXBuildFile; fileRef = 8169DA421EB1D30C00EC97CC /* TZAssetCell.m */; };
		8169DA821EB1D30C00EC97CC /* TZAssetModel.m in Sources */ = {isa = PBXBuildFile; fileRef = 8169DA441EB1D30C00EC97CC /* TZAssetModel.m */; };
		8169DA831EB1D30C00EC97CC /* TZGifPhotoPreviewController.m in Sources */ = {isa = PBXBuildFile; fileRef = 8169DA461EB1D30C00EC97CC /* TZGifPhotoPreviewController.m */; };
		8169DA841EB1D30C00EC97CC /* TZImageCropManager.m in Sources */ = {isa = PBXBuildFile; fileRef = 8169DA481EB1D30C00EC97CC /* TZImageCropManager.m */; };
		8169DA851EB1D30C00EC97CC /* TZImageManager.m in Sources */ = {isa = PBXBuildFile; fileRef = 8169DA4A1EB1D30C00EC97CC /* TZImageManager.m */; };
		8169DA861EB1D30C00EC97CC /* TZImagePickerController.bundle in Resources */ = {isa = PBXBuildFile; fileRef = 8169DA4B1EB1D30C00EC97CC /* TZImagePickerController.bundle */; };
		8169DA871EB1D30C00EC97CC /* TZImagePickerController.m in Sources */ = {isa = PBXBuildFile; fileRef = 8169DA4D1EB1D30C00EC97CC /* TZImagePickerController.m */; };
		8169DA881EB1D30C00EC97CC /* TZPhotoPickerController.m in Sources */ = {isa = PBXBuildFile; fileRef = 8169DA4F1EB1D30C00EC97CC /* TZPhotoPickerController.m */; };
		8169DA891EB1D30C00EC97CC /* TZPhotoPreviewCell.m in Sources */ = {isa = PBXBuildFile; fileRef = 8169DA511EB1D30C00EC97CC /* TZPhotoPreviewCell.m */; };
		8169DA8A1EB1D30C00EC97CC /* TZPhotoPreviewController.m in Sources */ = {isa = PBXBuildFile; fileRef = 8169DA531EB1D30C00EC97CC /* TZPhotoPreviewController.m */; };
		8169DA8B1EB1D30C00EC97CC /* TZProgressView.m in Sources */ = {isa = PBXBuildFile; fileRef = 8169DA551EB1D30C00EC97CC /* TZProgressView.m */; };
		8169DA8C1EB1D30C00EC97CC /* TZVideoPlayerController.m in Sources */ = {isa = PBXBuildFile; fileRef = 8169DA571EB1D30C00EC97CC /* TZVideoPlayerController.m */; };
		8169DA8D1EB1D30C00EC97CC /* UIView+Layout.m in Sources */ = {isa = PBXBuildFile; fileRef = 8169DA591EB1D30C00EC97CC /* UIView+Layout.m */; };
		8169DA8E1EB1D30C00EC97CC /* NSString+Hash.m in Sources */ = {isa = PBXBuildFile; fileRef = 8169DA5C1EB1D30C00EC97CC /* NSString+Hash.m */; };
		8169DA8F1EB1D30C00EC97CC /* VZBaseNetWorkApi.m in Sources */ = {isa = PBXBuildFile; fileRef = 8169DA5F1EB1D30C00EC97CC /* VZBaseNetWorkApi.m */; };
		8169DA901EB1D30C00EC97CC /* VZBaseResponse.m in Sources */ = {isa = PBXBuildFile; fileRef = 8169DA611EB1D30C00EC97CC /* VZBaseResponse.m */; };
		8169DA911EB1D30C00EC97CC /* VZMineApiManager.m in Sources */ = {isa = PBXBuildFile; fileRef = 8169DA641EB1D30C00EC97CC /* VZMineApiManager.m */; };
		8169DAC41EB1D42700EC97CC /* NSObject+alertShow.m in Sources */ = {isa = PBXBuildFile; fileRef = 8169DA941EB1D42700EC97CC /* NSObject+alertShow.m */; };
		8169DAC51EB1D42700EC97CC /* NSData+Base64.m in Sources */ = {isa = PBXBuildFile; fileRef = 8169DA971EB1D42700EC97CC /* NSData+Base64.m */; };
		8169DAC61EB1D42700EC97CC /* NSDate+extension.m in Sources */ = {isa = PBXBuildFile; fileRef = 8169DA9A1EB1D42700EC97CC /* NSDate+extension.m */; };
		8169DAC71EB1D42700EC97CC /* NSDate+Local.m in Sources */ = {isa = PBXBuildFile; fileRef = 8169DA9C1EB1D42700EC97CC /* NSDate+Local.m */; };
		8169DAC81EB1D42700EC97CC /* NSString+Extension.m in Sources */ = {isa = PBXBuildFile; fileRef = 8169DA9F1EB1D42700EC97CC /* NSString+Extension.m */; };
		8169DAC91EB1D42700EC97CC /* NSString+Validate.m in Sources */ = {isa = PBXBuildFile; fileRef = 8169DAA11EB1D42700EC97CC /* NSString+Validate.m */; };
		8169DACA1EB1D42700EC97CC /* NSString+WPXRegularExpression.m in Sources */ = {isa = PBXBuildFile; fileRef = 8169DAA31EB1D42700EC97CC /* NSString+WPXRegularExpression.m */; };
		8169DACB1EB1D42700EC97CC /* EnlargeClickEven.m in Sources */ = {isa = PBXBuildFile; fileRef = 8169DAA61EB1D42700EC97CC /* EnlargeClickEven.m */; };
		8169DACC1EB1D42700EC97CC /* UIBarButtonItem+WNXBarButtonItem.m in Sources */ = {isa = PBXBuildFile; fileRef = 8169DAA81EB1D42700EC97CC /* UIBarButtonItem+WNXBarButtonItem.m */; };
		8169DACD1EB1D42700EC97CC /* UIButton+EnlargeClickEven.m in Sources */ = {isa = PBXBuildFile; fileRef = 8169DAAA1EB1D42700EC97CC /* UIButton+EnlargeClickEven.m */; };
		8169DACE1EB1D42700EC97CC /* UIButton+topImageButton.m in Sources */ = {isa = PBXBuildFile; fileRef = 8169DAAC1EB1D42700EC97CC /* UIButton+topImageButton.m */; };
		8169DACF1EB1D42700EC97CC /* JYPhotoVideoListModel.m in Sources */ = {isa = PBXBuildFile; fileRef = 8169DAAF1EB1D42700EC97CC /* JYPhotoVideoListModel.m */; };
		8169DAD01EB1D42700EC97CC /* UIImage+Color.m in Sources */ = {isa = PBXBuildFile; fileRef = 8169DAB11EB1D42700EC97CC /* UIImage+Color.m */; };
		8169DAD11EB1D42700EC97CC /* UIImage+Extension.m in Sources */ = {isa = PBXBuildFile; fileRef = 8169DAB31EB1D42700EC97CC /* UIImage+Extension.m */; };
		8169DAD21EB1D42700EC97CC /* UIImage+GIF_Play.m in Sources */ = {isa = PBXBuildFile; fileRef = 8169DAB51EB1D42700EC97CC /* UIImage+GIF_Play.m */; };
		8169DAD31EB1D42700EC97CC /* UIImage+photoPicker.m in Sources */ = {isa = PBXBuildFile; fileRef = 8169DAB71EB1D42700EC97CC /* UIImage+photoPicker.m */; };
		8169DAD41EB1D42700EC97CC /* NSMutableAttributedString+Addtion.m in Sources */ = {isa = PBXBuildFile; fileRef = 8169DABA1EB1D42700EC97CC /* NSMutableAttributedString+Addtion.m */; };
		8169DAD51EB1D42700EC97CC /* NSObject+Addition.m in Sources */ = {isa = PBXBuildFile; fileRef = 8169DABC1EB1D42700EC97CC /* NSObject+Addition.m */; };
		8169DAD61EB1D42700EC97CC /* UILabel+AttributedString.m in Sources */ = {isa = PBXBuildFile; fileRef = 8169DABE1EB1D42700EC97CC /* UILabel+AttributedString.m */; };
		8169DAD71EB1D42700EC97CC /* UILabel+GetSize.m in Sources */ = {isa = PBXBuildFile; fileRef = 8169DAC01EB1D42700EC97CC /* UILabel+GetSize.m */; };
		8169DAD81EB1D42700EC97CC /* UIViewExt.m in Sources */ = {isa = PBXBuildFile; fileRef = 8169DAC31EB1D42700EC97CC /* UIViewExt.m */; };
		8169DADB1EB1D4E900EC97CC /* VZAccountTool.m in Sources */ = {isa = PBXBuildFile; fileRef = 8169DADA1EB1D4E900EC97CC /* VZAccountTool.m */; };
		8169DAE51EB1D93900EC97CC /* VZLoginViewController.m in Sources */ = {isa = PBXBuildFile; fileRef = 8169DAE11EB1D93900EC97CC /* VZLoginViewController.m */; };
		8169DAEC1EB1EE6600EC97CC /* BaseNavigationViewController.m in Sources */ = {isa = PBXBuildFile; fileRef = 8169DAE91EB1EE6600EC97CC /* BaseNavigationViewController.m */; };
		8169DAED1EB1EE6600EC97CC /* VZTabbarViewController.m in Sources */ = {isa = PBXBuildFile; fileRef = 8169DAEB1EB1EE6600EC97CC /* VZTabbarViewController.m */; };
		8169DAF01EB1EE9900EC97CC /* VZTabBar.m in Sources */ = {isa = PBXBuildFile; fileRef = 8169DAEF1EB1EE9900EC97CC /* VZTabBar.m */; };
		8170BDC11E8A0FF900DEA49A /* Images.xcassets in Resources */ = {isa = PBXBuildFile; fileRef = 8170BDC01E8A0FF900DEA49A /* Images.xcassets */; };
		819C46F91E88F67A001DCF2E /* main.m in Sources */ = {isa = PBXBuildFile; fileRef = 819C46F81E88F67A001DCF2E /* main.m */; };
		819C47121E88F67A001DCF2E /* VZoneTests.m in Sources */ = {isa = PBXBuildFile; fileRef = 819C47111E88F67A001DCF2E /* VZoneTests.m */; };
		819C471D1E88F67A001DCF2E /* VZoneUITests.m in Sources */ = {isa = PBXBuildFile; fileRef = 819C471C1E88F67A001DCF2E /* VZoneUITests.m */; };
/* End PBXBuildFile section */

/* Begin PBXContainerItemProxy section */
		819C470E1E88F67A001DCF2E /* PBXContainerItemProxy */ = {
			isa = PBXContainerItemProxy;
			containerPortal = 819C46EC1E88F67A001DCF2E /* Project object */;
			proxyType = 1;
			remoteGlobalIDString = 819C46F31E88F67A001DCF2E;
			remoteInfo = VZone;
		};
		819C47191E88F67A001DCF2E /* PBXContainerItemProxy */ = {
			isa = PBXContainerItemProxy;
			containerPortal = 819C46EC1E88F67A001DCF2E /* Project object */;
			proxyType = 1;
			remoteGlobalIDString = 819C46F31E88F67A001DCF2E;
			remoteInfo = VZone;
		};
/* End PBXContainerItemProxy section */

/* Begin PBXFileReference section */
		06C2E206CE692908B374D8CB /* libPods-VZone.a */ = {isa = PBXFileReference; explicitFileType = archive.ar; includeInIndex = 0; path = "libPods-VZone.a"; sourceTree = BUILT_PRODUCTS_DIR; };
		35B225310A0B49E99604E090 /* Pods-VZone.release.xcconfig */ = {isa = PBXFileReference; includeInIndex = 1; lastKnownFileType = text.xcconfig; name = "Pods-VZone.release.xcconfig"; path = "Pods/Target Support Files/Pods-VZone/Pods-VZone.release.xcconfig"; sourceTree = "<group>"; };
		8169D9FE1EB1D30C00EC97CC /* VZAccount.h */ = {isa = PBXFileReference; fileEncoding = 4; lastKnownFileType = sourcecode.c.h; path = VZAccount.h; sourceTree = "<group>"; };
		8169D9FF1EB1D30C00EC97CC /* VZAccount.m */ = {isa = PBXFileReference; fileEncoding = 4; lastKnownFileType = sourcecode.c.objc; path = VZAccount.m; sourceTree = "<group>"; };
		8169DA011EB1D30C00EC97CC /* AppDelegate+AppLifeCircle.h */ = {isa = PBXFileReference; fileEncoding = 4; lastKnownFileType = sourcecode.c.h; path = "AppDelegate+AppLifeCircle.h"; sourceTree = "<group>"; };
		8169DA021EB1D30C00EC97CC /* AppDelegate+AppLifeCircle.m */ = {isa = PBXFileReference; fileEncoding = 4; lastKnownFileType = sourcecode.c.objc; path = "AppDelegate+AppLifeCircle.m"; sourceTree = "<group>"; };
		8169DA031EB1D30C00EC97CC /* AppDelegate+AppService.h */ = {isa = PBXFileReference; fileEncoding = 4; lastKnownFileType = sourcecode.c.h; path = "AppDelegate+AppService.h"; sourceTree = "<group>"; };
		8169DA041EB1D30C00EC97CC /* AppDelegate+AppService.m */ = {isa = PBXFileReference; fileEncoding = 4; lastKnownFileType = sourcecode.c.objc; path = "AppDelegate+AppService.m"; sourceTree = "<group>"; };
		8169DA051EB1D30C00EC97CC /* AppDelegate+RootController.h */ = {isa = PBXFileReference; fileEncoding = 4; lastKnownFileType = sourcecode.c.h; path = "AppDelegate+RootController.h"; sourceTree = "<group>"; };
		8169DA061EB1D30C00EC97CC /* AppDelegate+RootController.m */ = {isa = PBXFileReference; fileEncoding = 4; lastKnownFileType = sourcecode.c.objc; path = "AppDelegate+RootController.m"; sourceTree = "<group>"; };
		8169DA071EB1D30C00EC97CC /* AppDelegate.h */ = {isa = PBXFileReference; fileEncoding = 4; lastKnownFileType = sourcecode.c.h; path = AppDelegate.h; sourceTree = "<group>"; };
		8169DA081EB1D30C00EC97CC /* AppDelegate.m */ = {isa = PBXFileReference; fileEncoding = 4; lastKnownFileType = sourcecode.c.objc; path = AppDelegate.m; sourceTree = "<group>"; };
		8169DA3C1EB1D30C00EC97CC /* JYImagePickerManager.h */ = {isa = PBXFileReference; fileEncoding = 4; lastKnownFileType = sourcecode.c.h; path = JYImagePickerManager.h; sourceTree = "<group>"; };
		8169DA3D1EB1D30C00EC97CC /* JYImagePickerManager.m */ = {isa = PBXFileReference; fileEncoding = 4; lastKnownFileType = sourcecode.c.objc; path = JYImagePickerManager.m; sourceTree = "<group>"; };
		8169DA3F1EB1D30C00EC97CC /* NSBundle+TZImagePicker.h */ = {isa = PBXFileReference; fileEncoding = 4; lastKnownFileType = sourcecode.c.h; path = "NSBundle+TZImagePicker.h"; sourceTree = "<group>"; };
		8169DA401EB1D30C00EC97CC /* NSBundle+TZImagePicker.m */ = {isa = PBXFileReference; fileEncoding = 4; lastKnownFileType = sourcecode.c.objc; path = "NSBundle+TZImagePicker.m"; sourceTree = "<group>"; };
		8169DA411EB1D30C00EC97CC /* TZAssetCell.h */ = {isa = PBXFileReference; fileEncoding = 4; lastKnownFileType = sourcecode.c.h; path = TZAssetCell.h; sourceTree = "<group>"; };
		8169DA421EB1D30C00EC97CC /* TZAssetCell.m */ = {isa = PBXFileReference; fileEncoding = 4; lastKnownFileType = sourcecode.c.objc; path = TZAssetCell.m; sourceTree = "<group>"; };
		8169DA431EB1D30C00EC97CC /* TZAssetModel.h */ = {isa = PBXFileReference; fileEncoding = 4; lastKnownFileType = sourcecode.c.h; path = TZAssetModel.h; sourceTree = "<group>"; };
		8169DA441EB1D30C00EC97CC /* TZAssetModel.m */ = {isa = PBXFileReference; fileEncoding = 4; lastKnownFileType = sourcecode.c.objc; path = TZAssetModel.m; sourceTree = "<group>"; };
		8169DA451EB1D30C00EC97CC /* TZGifPhotoPreviewController.h */ = {isa = PBXFileReference; fileEncoding = 4; lastKnownFileType = sourcecode.c.h; path = TZGifPhotoPreviewController.h; sourceTree = "<group>"; };
		8169DA461EB1D30C00EC97CC /* TZGifPhotoPreviewController.m */ = {isa = PBXFileReference; fileEncoding = 4; lastKnownFileType = sourcecode.c.objc; path = TZGifPhotoPreviewController.m; sourceTree = "<group>"; };
		8169DA471EB1D30C00EC97CC /* TZImageCropManager.h */ = {isa = PBXFileReference; fileEncoding = 4; lastKnownFileType = sourcecode.c.h; path = TZImageCropManager.h; sourceTree = "<group>"; };
		8169DA481EB1D30C00EC97CC /* TZImageCropManager.m */ = {isa = PBXFileReference; fileEncoding = 4; lastKnownFileType = sourcecode.c.objc; path = TZImageCropManager.m; sourceTree = "<group>"; };
		8169DA491EB1D30C00EC97CC /* TZImageManager.h */ = {isa = PBXFileReference; fileEncoding = 4; lastKnownFileType = sourcecode.c.h; path = TZImageManager.h; sourceTree = "<group>"; };
		8169DA4A1EB1D30C00EC97CC /* TZImageManager.m */ = {isa = PBXFileReference; fileEncoding = 4; lastKnownFileType = sourcecode.c.objc; path = TZImageManager.m; sourceTree = "<group>"; };
		8169DA4B1EB1D30C00EC97CC /* TZImagePickerController.bundle */ = {isa = PBXFileReference; lastKnownFileType = "wrapper.plug-in"; path = TZImagePickerController.bundle; sourceTree = "<group>"; };
		8169DA4C1EB1D30C00EC97CC /* TZImagePickerController.h */ = {isa = PBXFileReference; fileEncoding = 4; lastKnownFileType = sourcecode.c.h; path = TZImagePickerController.h; sourceTree = "<group>"; };
		8169DA4D1EB1D30C00EC97CC /* TZImagePickerController.m */ = {isa = PBXFileReference; fileEncoding = 4; lastKnownFileType = sourcecode.c.objc; path = TZImagePickerController.m; sourceTree = "<group>"; };
		8169DA4E1EB1D30C00EC97CC /* TZPhotoPickerController.h */ = {isa = PBXFileReference; fileEncoding = 4; lastKnownFileType = sourcecode.c.h; path = TZPhotoPickerController.h; sourceTree = "<group>"; };
		8169DA4F1EB1D30C00EC97CC /* TZPhotoPickerController.m */ = {isa = PBXFileReference; fileEncoding = 4; lastKnownFileType = sourcecode.c.objc; path = TZPhotoPickerController.m; sourceTree = "<group>"; };
		8169DA501EB1D30C00EC97CC /* TZPhotoPreviewCell.h */ = {isa = PBXFileReference; fileEncoding = 4; lastKnownFileType = sourcecode.c.h; path = TZPhotoPreviewCell.h; sourceTree = "<group>"; };
		8169DA511EB1D30C00EC97CC /* TZPhotoPreviewCell.m */ = {isa = PBXFileReference; fileEncoding = 4; lastKnownFileType = sourcecode.c.objc; path = TZPhotoPreviewCell.m; sourceTree = "<group>"; };
		8169DA521EB1D30C00EC97CC /* TZPhotoPreviewController.h */ = {isa = PBXFileReference; fileEncoding = 4; lastKnownFileType = sourcecode.c.h; path = TZPhotoPreviewController.h; sourceTree = "<group>"; };
		8169DA531EB1D30C00EC97CC /* TZPhotoPreviewController.m */ = {isa = PBXFileReference; fileEncoding = 4; lastKnownFileType = sourcecode.c.objc; path = TZPhotoPreviewController.m; sourceTree = "<group>"; };
		8169DA541EB1D30C00EC97CC /* TZProgressView.h */ = {isa = PBXFileReference; fileEncoding = 4; lastKnownFileType = sourcecode.c.h; path = TZProgressView.h; sourceTree = "<group>"; };
		8169DA551EB1D30C00EC97CC /* TZProgressView.m */ = {isa = PBXFileReference; fileEncoding = 4; lastKnownFileType = sourcecode.c.objc; path = TZProgressView.m; sourceTree = "<group>"; };
		8169DA561EB1D30C00EC97CC /* TZVideoPlayerController.h */ = {isa = PBXFileReference; fileEncoding = 4; lastKnownFileType = sourcecode.c.h; path = TZVideoPlayerController.h; sourceTree = "<group>"; };
		8169DA571EB1D30C00EC97CC /* TZVideoPlayerController.m */ = {isa = PBXFileReference; fileEncoding = 4; lastKnownFileType = sourcecode.c.objc; path = TZVideoPlayerController.m; sourceTree = "<group>"; };
		8169DA581EB1D30C00EC97CC /* UIView+Layout.h */ = {isa = PBXFileReference; fileEncoding = 4; lastKnownFileType = sourcecode.c.h; path = "UIView+Layout.h"; sourceTree = "<group>"; };
		8169DA591EB1D30C00EC97CC /* UIView+Layout.m */ = {isa = PBXFileReference; fileEncoding = 4; lastKnownFileType = sourcecode.c.objc; path = "UIView+Layout.m"; sourceTree = "<group>"; };
		8169DA5B1EB1D30C00EC97CC /* NSString+Hash.h */ = {isa = PBXFileReference; fileEncoding = 4; lastKnownFileType = sourcecode.c.h; path = "NSString+Hash.h"; sourceTree = "<group>"; };
		8169DA5C1EB1D30C00EC97CC /* NSString+Hash.m */ = {isa = PBXFileReference; fileEncoding = 4; lastKnownFileType = sourcecode.c.objc; path = "NSString+Hash.m"; sourceTree = "<group>"; };
		8169DA5E1EB1D30C00EC97CC /* VZBaseNetWorkApi.h */ = {isa = PBXFileReference; fileEncoding = 4; lastKnownFileType = sourcecode.c.h; path = VZBaseNetWorkApi.h; sourceTree = "<group>"; };
		8169DA5F1EB1D30C00EC97CC /* VZBaseNetWorkApi.m */ = {isa = PBXFileReference; fileEncoding = 4; lastKnownFileType = sourcecode.c.objc; path = VZBaseNetWorkApi.m; sourceTree = "<group>"; };
		8169DA601EB1D30C00EC97CC /* VZBaseResponse.h */ = {isa = PBXFileReference; fileEncoding = 4; lastKnownFileType = sourcecode.c.h; path = VZBaseResponse.h; sourceTree = "<group>"; };
		8169DA611EB1D30C00EC97CC /* VZBaseResponse.m */ = {isa = PBXFileReference; fileEncoding = 4; lastKnownFileType = sourcecode.c.objc; path = VZBaseResponse.m; sourceTree = "<group>"; };
		8169DA621EB1D30C00EC97CC /* VZBaseUrl.h */ = {isa = PBXFileReference; fileEncoding = 4; lastKnownFileType = sourcecode.c.h; path = VZBaseUrl.h; sourceTree = "<group>"; };
		8169DA631EB1D30C00EC97CC /* VZMineApiManager.h */ = {isa = PBXFileReference; fileEncoding = 4; lastKnownFileType = sourcecode.c.h; path = VZMineApiManager.h; sourceTree = "<group>"; };
		8169DA641EB1D30C00EC97CC /* VZMineApiManager.m */ = {isa = PBXFileReference; fileEncoding = 4; lastKnownFileType = sourcecode.c.objc; path = VZMineApiManager.m; sourceTree = "<group>"; };
		8169DA931EB1D42700EC97CC /* NSObject+alertShow.h */ = {isa = PBXFileReference; fileEncoding = 4; lastKnownFileType = sourcecode.c.h; path = "NSObject+alertShow.h"; sourceTree = "<group>"; };
		8169DA941EB1D42700EC97CC /* NSObject+alertShow.m */ = {isa = PBXFileReference; fileEncoding = 4; lastKnownFileType = sourcecode.c.objc; path = "NSObject+alertShow.m"; sourceTree = "<group>"; };
		8169DA961EB1D42700EC97CC /* NSData+Base64.h */ = {isa = PBXFileReference; fileEncoding = 4; lastKnownFileType = sourcecode.c.h; path = "NSData+Base64.h"; sourceTree = "<group>"; };
		8169DA971EB1D42700EC97CC /* NSData+Base64.m */ = {isa = PBXFileReference; fileEncoding = 4; lastKnownFileType = sourcecode.c.objc; path = "NSData+Base64.m"; sourceTree = "<group>"; };
		8169DA991EB1D42700EC97CC /* NSDate+extension.h */ = {isa = PBXFileReference; fileEncoding = 4; lastKnownFileType = sourcecode.c.h; path = "NSDate+extension.h"; sourceTree = "<group>"; };
		8169DA9A1EB1D42700EC97CC /* NSDate+extension.m */ = {isa = PBXFileReference; fileEncoding = 4; lastKnownFileType = sourcecode.c.objc; path = "NSDate+extension.m"; sourceTree = "<group>"; };
		8169DA9B1EB1D42700EC97CC /* NSDate+Local.h */ = {isa = PBXFileReference; fileEncoding = 4; lastKnownFileType = sourcecode.c.h; path = "NSDate+Local.h"; sourceTree = "<group>"; };
		8169DA9C1EB1D42700EC97CC /* NSDate+Local.m */ = {isa = PBXFileReference; fileEncoding = 4; lastKnownFileType = sourcecode.c.objc; path = "NSDate+Local.m"; sourceTree = "<group>"; };
		8169DA9E1EB1D42700EC97CC /* NSString+Extension.h */ = {isa = PBXFileReference; fileEncoding = 4; lastKnownFileType = sourcecode.c.h; path = "NSString+Extension.h"; sourceTree = "<group>"; };
		8169DA9F1EB1D42700EC97CC /* NSString+Extension.m */ = {isa = PBXFileReference; fileEncoding = 4; lastKnownFileType = sourcecode.c.objc; path = "NSString+Extension.m"; sourceTree = "<group>"; };
		8169DAA01EB1D42700EC97CC /* NSString+Validate.h */ = {isa = PBXFileReference; fileEncoding = 4; lastKnownFileType = sourcecode.c.h; path = "NSString+Validate.h"; sourceTree = "<group>"; };
		8169DAA11EB1D42700EC97CC /* NSString+Validate.m */ = {isa = PBXFileReference; fileEncoding = 4; lastKnownFileType = sourcecode.c.objc; path = "NSString+Validate.m"; sourceTree = "<group>"; };
		8169DAA21EB1D42700EC97CC /* NSString+WPXRegularExpression.h */ = {isa = PBXFileReference; fileEncoding = 4; lastKnownFileType = sourcecode.c.h; path = "NSString+WPXRegularExpression.h"; sourceTree = "<group>"; };
		8169DAA31EB1D42700EC97CC /* NSString+WPXRegularExpression.m */ = {isa = PBXFileReference; fileEncoding = 4; lastKnownFileType = sourcecode.c.objc; path = "NSString+WPXRegularExpression.m"; sourceTree = "<group>"; };
		8169DAA51EB1D42700EC97CC /* EnlargeClickEven.h */ = {isa = PBXFileReference; fileEncoding = 4; lastKnownFileType = sourcecode.c.h; path = EnlargeClickEven.h; sourceTree = "<group>"; };
		8169DAA61EB1D42700EC97CC /* EnlargeClickEven.m */ = {isa = PBXFileReference; fileEncoding = 4; lastKnownFileType = sourcecode.c.objc; path = EnlargeClickEven.m; sourceTree = "<group>"; };
		8169DAA71EB1D42700EC97CC /* UIBarButtonItem+WNXBarButtonItem.h */ = {isa = PBXFileReference; fileEncoding = 4; lastKnownFileType = sourcecode.c.h; path = "UIBarButtonItem+WNXBarButtonItem.h"; sourceTree = "<group>"; };
		8169DAA81EB1D42700EC97CC /* UIBarButtonItem+WNXBarButtonItem.m */ = {isa = PBXFileReference; fileEncoding = 4; lastKnownFileType = sourcecode.c.objc; path = "UIBarButtonItem+WNXBarButtonItem.m"; sourceTree = "<group>"; };
		8169DAA91EB1D42700EC97CC /* UIButton+EnlargeClickEven.h */ = {isa = PBXFileReference; fileEncoding = 4; lastKnownFileType = sourcecode.c.h; path = "UIButton+EnlargeClickEven.h"; sourceTree = "<group>"; };
		8169DAAA1EB1D42700EC97CC /* UIButton+EnlargeClickEven.m */ = {isa = PBXFileReference; fileEncoding = 4; lastKnownFileType = sourcecode.c.objc; path = "UIButton+EnlargeClickEven.m"; sourceTree = "<group>"; };
		8169DAAB1EB1D42700EC97CC /* UIButton+topImageButton.h */ = {isa = PBXFileReference; fileEncoding = 4; lastKnownFileType = sourcecode.c.h; path = "UIButton+topImageButton.h"; sourceTree = "<group>"; };
		8169DAAC1EB1D42700EC97CC /* UIButton+topImageButton.m */ = {isa = PBXFileReference; fileEncoding = 4; lastKnownFileType = sourcecode.c.objc; path = "UIButton+topImageButton.m"; sourceTree = "<group>"; };
		8169DAAE1EB1D42700EC97CC /* JYPhotoVideoListModel.h */ = {isa = PBXFileReference; fileEncoding = 4; lastKnownFileType = sourcecode.c.h; path = JYPhotoVideoListModel.h; sourceTree = "<group>"; };
		8169DAAF1EB1D42700EC97CC /* JYPhotoVideoListModel.m */ = {isa = PBXFileReference; fileEncoding = 4; lastKnownFileType = sourcecode.c.objc; path = JYPhotoVideoListModel.m; sourceTree = "<group>"; };
		8169DAB01EB1D42700EC97CC /* UIImage+Color.h */ = {isa = PBXFileReference; fileEncoding = 4; lastKnownFileType = sourcecode.c.h; path = "UIImage+Color.h"; sourceTree = "<group>"; };
		8169DAB11EB1D42700EC97CC /* UIImage+Color.m */ = {isa = PBXFileReference; fileEncoding = 4; lastKnownFileType = sourcecode.c.objc; path = "UIImage+Color.m"; sourceTree = "<group>"; };
		8169DAB21EB1D42700EC97CC /* UIImage+Extension.h */ = {isa = PBXFileReference; fileEncoding = 4; lastKnownFileType = sourcecode.c.h; path = "UIImage+Extension.h"; sourceTree = "<group>"; };
		8169DAB31EB1D42700EC97CC /* UIImage+Extension.m */ = {isa = PBXFileReference; fileEncoding = 4; lastKnownFileType = sourcecode.c.objc; path = "UIImage+Extension.m"; sourceTree = "<group>"; };
		8169DAB41EB1D42700EC97CC /* UIImage+GIF_Play.h */ = {isa = PBXFileReference; fileEncoding = 4; lastKnownFileType = sourcecode.c.h; path = "UIImage+GIF_Play.h"; sourceTree = "<group>"; };
		8169DAB51EB1D42700EC97CC /* UIImage+GIF_Play.m */ = {isa = PBXFileReference; fileEncoding = 4; lastKnownFileType = sourcecode.c.objc; path = "UIImage+GIF_Play.m"; sourceTree = "<group>"; };
		8169DAB61EB1D42700EC97CC /* UIImage+photoPicker.h */ = {isa = PBXFileReference; fileEncoding = 4; lastKnownFileType = sourcecode.c.h; path = "UIImage+photoPicker.h"; sourceTree = "<group>"; };
		8169DAB71EB1D42700EC97CC /* UIImage+photoPicker.m */ = {isa = PBXFileReference; fileEncoding = 4; lastKnownFileType = sourcecode.c.objc; path = "UIImage+photoPicker.m"; sourceTree = "<group>"; };
		8169DAB91EB1D42700EC97CC /* NSMutableAttributedString+Addtion.h */ = {isa = PBXFileReference; fileEncoding = 4; lastKnownFileType = sourcecode.c.h; path = "NSMutableAttributedString+Addtion.h"; sourceTree = "<group>"; };
		8169DABA1EB1D42700EC97CC /* NSMutableAttributedString+Addtion.m */ = {isa = PBXFileReference; fileEncoding = 4; lastKnownFileType = sourcecode.c.objc; path = "NSMutableAttributedString+Addtion.m"; sourceTree = "<group>"; };
		8169DABB1EB1D42700EC97CC /* NSObject+Addition.h */ = {isa = PBXFileReference; fileEncoding = 4; lastKnownFileType = sourcecode.c.h; path = "NSObject+Addition.h"; sourceTree = "<group>"; };
		8169DABC1EB1D42700EC97CC /* NSObject+Addition.m */ = {isa = PBXFileReference; fileEncoding = 4; lastKnownFileType = sourcecode.c.objc; path = "NSObject+Addition.m"; sourceTree = "<group>"; };
		8169DABD1EB1D42700EC97CC /* UILabel+AttributedString.h */ = {isa = PBXFileReference; fileEncoding = 4; lastKnownFileType = sourcecode.c.h; path = "UILabel+AttributedString.h"; sourceTree = "<group>"; };
		8169DABE1EB1D42700EC97CC /* UILabel+AttributedString.m */ = {isa = PBXFileReference; fileEncoding = 4; lastKnownFileType = sourcecode.c.objc; path = "UILabel+AttributedString.m"; sourceTree = "<group>"; };
		8169DABF1EB1D42700EC97CC /* UILabel+GetSize.h */ = {isa = PBXFileReference; fileEncoding = 4; lastKnownFileType = sourcecode.c.h; path = "UILabel+GetSize.h"; sourceTree = "<group>"; };
		8169DAC01EB1D42700EC97CC /* UILabel+GetSize.m */ = {isa = PBXFileReference; fileEncoding = 4; lastKnownFileType = sourcecode.c.objc; path = "UILabel+GetSize.m"; sourceTree = "<group>"; };
		8169DAC21EB1D42700EC97CC /* UIViewExt.h */ = {isa = PBXFileReference; fileEncoding = 4; lastKnownFileType = sourcecode.c.h; path = UIViewExt.h; sourceTree = "<group>"; };
		8169DAC31EB1D42700EC97CC /* UIViewExt.m */ = {isa = PBXFileReference; fileEncoding = 4; lastKnownFileType = sourcecode.c.objc; path = UIViewExt.m; sourceTree = "<group>"; };
		8169DAD91EB1D4E900EC97CC /* VZAccountTool.h */ = {isa = PBXFileReference; fileEncoding = 4; lastKnownFileType = sourcecode.c.h; path = VZAccountTool.h; sourceTree = "<group>"; };
		8169DADA1EB1D4E900EC97CC /* VZAccountTool.m */ = {isa = PBXFileReference; fileEncoding = 4; lastKnownFileType = sourcecode.c.objc; path = VZAccountTool.m; sourceTree = "<group>"; };
		8169DADC1EB1D84700EC97CC /* config.h */ = {isa = PBXFileReference; fileEncoding = 4; lastKnownFileType = sourcecode.c.h; path = config.h; sourceTree = "<group>"; };
		8169DAE01EB1D93900EC97CC /* VZLoginViewController.h */ = {isa = PBXFileReference; fileEncoding = 4; lastKnownFileType = sourcecode.c.h; path = VZLoginViewController.h; sourceTree = "<group>"; };
		8169DAE11EB1D93900EC97CC /* VZLoginViewController.m */ = {isa = PBXFileReference; fileEncoding = 4; lastKnownFileType = sourcecode.c.objc; path = VZLoginViewController.m; sourceTree = "<group>"; };
		8169DAE81EB1EE6600EC97CC /* BaseNavigationViewController.h */ = {isa = PBXFileReference; fileEncoding = 4; lastKnownFileType = sourcecode.c.h; path = BaseNavigationViewController.h; sourceTree = "<group>"; };
		8169DAE91EB1EE6600EC97CC /* BaseNavigationViewController.m */ = {isa = PBXFileReference; fileEncoding = 4; lastKnownFileType = sourcecode.c.objc; path = BaseNavigationViewController.m; sourceTree = "<group>"; };
		8169DAEA1EB1EE6600EC97CC /* VZTabbarViewController.h */ = {isa = PBXFileReference; fileEncoding = 4; lastKnownFileType = sourcecode.c.h; path = VZTabbarViewController.h; sourceTree = "<group>"; };
		8169DAEB1EB1EE6600EC97CC /* VZTabbarViewController.m */ = {isa = PBXFileReference; fileEncoding = 4; lastKnownFileType = sourcecode.c.objc; path = VZTabbarViewController.m; sourceTree = "<group>"; };
		8169DAEE1EB1EE9900EC97CC /* VZTabBar.h */ = {isa = PBXFileReference; fileEncoding = 4; lastKnownFileType = sourcecode.c.h; path = VZTabBar.h; sourceTree = "<group>"; };
		8169DAEF1EB1EE9900EC97CC /* VZTabBar.m */ = {isa = PBXFileReference; fileEncoding = 4; lastKnownFileType = sourcecode.c.objc; path = VZTabBar.m; sourceTree = "<group>"; };
		8170BDC01E8A0FF900DEA49A /* Images.xcassets */ = {isa = PBXFileReference; lastKnownFileType = folder.assetcatalog; path = Images.xcassets; sourceTree = "<group>"; };
		819C46F41E88F67A001DCF2E /* VZone.app */ = {isa = PBXFileReference; explicitFileType = wrapper.application; includeInIndex = 0; path = VZone.app; sourceTree = BUILT_PRODUCTS_DIR; };
		819C46F81E88F67A001DCF2E /* main.m */ = {isa = PBXFileReference; lastKnownFileType = sourcecode.c.objc; path = main.m; sourceTree = "<group>"; };
		819C470D1E88F67A001DCF2E /* VZoneTests.xctest */ = {isa = PBXFileReference; explicitFileType = wrapper.cfbundle; includeInIndex = 0; path = VZoneTests.xctest; sourceTree = BUILT_PRODUCTS_DIR; };
		819C47111E88F67A001DCF2E /* VZoneTests.m */ = {isa = PBXFileReference; lastKnownFileType = sourcecode.c.objc; path = VZoneTests.m; sourceTree = "<group>"; };
		819C47131E88F67A001DCF2E /* Info.plist */ = {isa = PBXFileReference; lastKnownFileType = text.plist.xml; path = Info.plist; sourceTree = "<group>"; };
		819C47181E88F67A001DCF2E /* VZoneUITests.xctest */ = {isa = PBXFileReference; explicitFileType = wrapper.cfbundle; includeInIndex = 0; path = VZoneUITests.xctest; sourceTree = BUILT_PRODUCTS_DIR; };
		819C471C1E88F67A001DCF2E /* VZoneUITests.m */ = {isa = PBXFileReference; lastKnownFileType = sourcecode.c.objc; path = VZoneUITests.m; sourceTree = "<group>"; };
		819C471E1E88F67A001DCF2E /* Info.plist */ = {isa = PBXFileReference; lastKnownFileType = text.plist.xml; path = Info.plist; sourceTree = "<group>"; };
		819C473A1E891E44001DCF2E /* PrefixHeader.pch */ = {isa = PBXFileReference; lastKnownFileType = sourcecode.c.h; path = PrefixHeader.pch; sourceTree = "<group>"; };
		D4F429DB0FD32340FE9D2145 /* Pods-VZone.debug.xcconfig */ = {isa = PBXFileReference; includeInIndex = 1; lastKnownFileType = text.xcconfig; name = "Pods-VZone.debug.xcconfig"; path = "Pods/Target Support Files/Pods-VZone/Pods-VZone.debug.xcconfig"; sourceTree = "<group>"; };
/* End PBXFileReference section */

/* Begin PBXFrameworksBuildPhase section */
		819C46F11E88F67A001DCF2E /* Frameworks */ = {
			isa = PBXFrameworksBuildPhase;
			buildActionMask = 2147483647;
			files = (
				8043069C8655835048328636 /* libPods-VZone.a in Frameworks */,
			);
			runOnlyForDeploymentPostprocessing = 0;
		};
		819C470A1E88F67A001DCF2E /* Frameworks */ = {
			isa = PBXFrameworksBuildPhase;
			buildActionMask = 2147483647;
			files = (
			);
			runOnlyForDeploymentPostprocessing = 0;
		};
		819C47151E88F67A001DCF2E /* Frameworks */ = {
			isa = PBXFrameworksBuildPhase;
			buildActionMask = 2147483647;
			files = (
			);
			runOnlyForDeploymentPostprocessing = 0;
		};
/* End PBXFrameworksBuildPhase section */

/* Begin PBXGroup section */
		237A14207E44CA08BACFDE79 /* Pods */ = {
			isa = PBXGroup;
			children = (
				D4F429DB0FD32340FE9D2145 /* Pods-VZone.debug.xcconfig */,
				35B225310A0B49E99604E090 /* Pods-VZone.release.xcconfig */,
			);
			name = Pods;
			sourceTree = "<group>";
		};
		6A2B0855C0BBE24046463718 /* Frameworks */ = {
			isa = PBXGroup;
			children = (
				06C2E206CE692908B374D8CB /* libPods-VZone.a */,
			);
			name = Frameworks;
			sourceTree = "<group>";
		};
		8169D9FA1EB1D30C00EC97CC /* Bases */ = {
			isa = PBXGroup;
			children = (
				8169DADC1EB1D84700EC97CC /* config.h */,
				8169D9FB1EB1D30C00EC97CC /* Account */,
				8169DA001EB1D30C00EC97CC /* Delegate */,
				8169DA091EB1D30C00EC97CC /* Libs */,
				8169DA5A1EB1D30C00EC97CC /* MD5+Hmac */,
				8169DA5D1EB1D30C00EC97CC /* NetWorkApi */,
			);
			path = Bases;
			sourceTree = "<group>";
		};
		8169D9FB1EB1D30C00EC97CC /* Account */ = {
			isa = PBXGroup;
			children = (
				8169D9FE1EB1D30C00EC97CC /* VZAccount.h */,
				8169D9FF1EB1D30C00EC97CC /* VZAccount.m */,
				8169DAD91EB1D4E900EC97CC /* VZAccountTool.h */,
				8169DADA1EB1D4E900EC97CC /* VZAccountTool.m */,
			);
			path = Account;
			sourceTree = "<group>";
		};
		8169DA001EB1D30C00EC97CC /* Delegate */ = {
			isa = PBXGroup;
			children = (
				8169DA011EB1D30C00EC97CC /* AppDelegate+AppLifeCircle.h */,
				8169DA021EB1D30C00EC97CC /* AppDelegate+AppLifeCircle.m */,
				8169DA031EB1D30C00EC97CC /* AppDelegate+AppService.h */,
				8169DA041EB1D30C00EC97CC /* AppDelegate+AppService.m */,
				8169DA051EB1D30C00EC97CC /* AppDelegate+RootController.h */,
				8169DA061EB1D30C00EC97CC /* AppDelegate+RootController.m */,
				8169DA071EB1D30C00EC97CC /* AppDelegate.h */,
				8169DA081EB1D30C00EC97CC /* AppDelegate.m */,
			);
			path = Delegate;
			sourceTree = "<group>";
		};
		8169DA091EB1D30C00EC97CC /* Libs */ = {
			isa = PBXGroup;
			children = (
				8169DA0A1EB1D30C00EC97CC /* Category */,
				8169DA3B1EB1D30C00EC97CC /* Tool */,
			);
			path = Libs;
			sourceTree = "<group>";
		};
		8169DA0A1EB1D30C00EC97CC /* Category */ = {
			isa = PBXGroup;
			children = (
				8169DA921EB1D42700EC97CC /* Alert */,
				8169DA951EB1D42700EC97CC /* NSData */,
				8169DA981EB1D42700EC97CC /* NSDate */,
				8169DA9D1EB1D42700EC97CC /* NSString */,
				8169DAA41EB1D42700EC97CC /* UIButton */,
				8169DAAD1EB1D42700EC97CC /* UIImage */,
				8169DAB81EB1D42700EC97CC /* UILabel */,
				8169DAC11EB1D42700EC97CC /* UIView+EX */,
			);
			path = Category;
			sourceTree = "<group>";
		};
		8169DA3B1EB1D30C00EC97CC /* Tool */ = {
			isa = PBXGroup;
			children = (
				8169DA3C1EB1D30C00EC97CC /* JYImagePickerManager.h */,
				8169DA3D1EB1D30C00EC97CC /* JYImagePickerManager.m */,
				8169DA3E1EB1D30C00EC97CC /* TZImagePickerController */,
			);
			path = Tool;
			sourceTree = "<group>";
		};
		8169DA3E1EB1D30C00EC97CC /* TZImagePickerController */ = {
			isa = PBXGroup;
			children = (
				8169DA3F1EB1D30C00EC97CC /* NSBundle+TZImagePicker.h */,
				8169DA401EB1D30C00EC97CC /* NSBundle+TZImagePicker.m */,
				8169DA411EB1D30C00EC97CC /* TZAssetCell.h */,
				8169DA421EB1D30C00EC97CC /* TZAssetCell.m */,
				8169DA431EB1D30C00EC97CC /* TZAssetModel.h */,
				8169DA441EB1D30C00EC97CC /* TZAssetModel.m */,
				8169DA451EB1D30C00EC97CC /* TZGifPhotoPreviewController.h */,
				8169DA461EB1D30C00EC97CC /* TZGifPhotoPreviewController.m */,
				8169DA471EB1D30C00EC97CC /* TZImageCropManager.h */,
				8169DA481EB1D30C00EC97CC /* TZImageCropManager.m */,
				8169DA491EB1D30C00EC97CC /* TZImageManager.h */,
				8169DA4A1EB1D30C00EC97CC /* TZImageManager.m */,
				8169DA4B1EB1D30C00EC97CC /* TZImagePickerController.bundle */,
				8169DA4C1EB1D30C00EC97CC /* TZImagePickerController.h */,
				8169DA4D1EB1D30C00EC97CC /* TZImagePickerController.m */,
				8169DA4E1EB1D30C00EC97CC /* TZPhotoPickerController.h */,
				8169DA4F1EB1D30C00EC97CC /* TZPhotoPickerController.m */,
				8169DA501EB1D30C00EC97CC /* TZPhotoPreviewCell.h */,
				8169DA511EB1D30C00EC97CC /* TZPhotoPreviewCell.m */,
				8169DA521EB1D30C00EC97CC /* TZPhotoPreviewController.h */,
				8169DA531EB1D30C00EC97CC /* TZPhotoPreviewController.m */,
				8169DA541EB1D30C00EC97CC /* TZProgressView.h */,
				8169DA551EB1D30C00EC97CC /* TZProgressView.m */,
				8169DA561EB1D30C00EC97CC /* TZVideoPlayerController.h */,
				8169DA571EB1D30C00EC97CC /* TZVideoPlayerController.m */,
				8169DA581EB1D30C00EC97CC /* UIView+Layout.h */,
				8169DA591EB1D30C00EC97CC /* UIView+Layout.m */,
			);
			path = TZImagePickerController;
			sourceTree = "<group>";
		};
		8169DA5A1EB1D30C00EC97CC /* MD5+Hmac */ = {
			isa = PBXGroup;
			children = (
				8169DA5B1EB1D30C00EC97CC /* NSString+Hash.h */,
				8169DA5C1EB1D30C00EC97CC /* NSString+Hash.m */,
			);
			path = "MD5+Hmac";
			sourceTree = "<group>";
		};
		8169DA5D1EB1D30C00EC97CC /* NetWorkApi */ = {
			isa = PBXGroup;
			children = (
				8169DA5E1EB1D30C00EC97CC /* VZBaseNetWorkApi.h */,
				8169DA5F1EB1D30C00EC97CC /* VZBaseNetWorkApi.m */,
				8169DA601EB1D30C00EC97CC /* VZBaseResponse.h */,
				8169DA611EB1D30C00EC97CC /* VZBaseResponse.m */,
				8169DA621EB1D30C00EC97CC /* VZBaseUrl.h */,
				8169DA631EB1D30C00EC97CC /* VZMineApiManager.h */,
				8169DA641EB1D30C00EC97CC /* VZMineApiManager.m */,
			);
			path = NetWorkApi;
			sourceTree = "<group>";
		};
		8169DA921EB1D42700EC97CC /* Alert */ = {
			isa = PBXGroup;
			children = (
				8169DA931EB1D42700EC97CC /* NSObject+alertShow.h */,
				8169DA941EB1D42700EC97CC /* NSObject+alertShow.m */,
			);
			path = Alert;
			sourceTree = "<group>";
		};
		8169DA951EB1D42700EC97CC /* NSData */ = {
			isa = PBXGroup;
			children = (
				8169DA961EB1D42700EC97CC /* NSData+Base64.h */,
				8169DA971EB1D42700EC97CC /* NSData+Base64.m */,
			);
			path = NSData;
			sourceTree = "<group>";
		};
		8169DA981EB1D42700EC97CC /* NSDate */ = {
			isa = PBXGroup;
			children = (
				8169DA991EB1D42700EC97CC /* NSDate+extension.h */,
				8169DA9A1EB1D42700EC97CC /* NSDate+extension.m */,
				8169DA9B1EB1D42700EC97CC /* NSDate+Local.h */,
				8169DA9C1EB1D42700EC97CC /* NSDate+Local.m */,
			);
			path = NSDate;
			sourceTree = "<group>";
		};
		8169DA9D1EB1D42700EC97CC /* NSString */ = {
			isa = PBXGroup;
			children = (
				8169DA9E1EB1D42700EC97CC /* NSString+Extension.h */,
				8169DA9F1EB1D42700EC97CC /* NSString+Extension.m */,
				8169DAA01EB1D42700EC97CC /* NSString+Validate.h */,
				8169DAA11EB1D42700EC97CC /* NSString+Validate.m */,
				8169DAA21EB1D42700EC97CC /* NSString+WPXRegularExpression.h */,
				8169DAA31EB1D42700EC97CC /* NSString+WPXRegularExpression.m */,
			);
			path = NSString;
			sourceTree = "<group>";
		};
		8169DAA41EB1D42700EC97CC /* UIButton */ = {
			isa = PBXGroup;
			children = (
				8169DAA51EB1D42700EC97CC /* EnlargeClickEven.h */,
				8169DAA61EB1D42700EC97CC /* EnlargeClickEven.m */,
				8169DAA71EB1D42700EC97CC /* UIBarButtonItem+WNXBarButtonItem.h */,
				8169DAA81EB1D42700EC97CC /* UIBarButtonItem+WNXBarButtonItem.m */,
				8169DAA91EB1D42700EC97CC /* UIButton+EnlargeClickEven.h */,
				8169DAAA1EB1D42700EC97CC /* UIButton+EnlargeClickEven.m */,
				8169DAAB1EB1D42700EC97CC /* UIButton+topImageButton.h */,
				8169DAAC1EB1D42700EC97CC /* UIButton+topImageButton.m */,
			);
			path = UIButton;
			sourceTree = "<group>";
		};
		8169DAAD1EB1D42700EC97CC /* UIImage */ = {
			isa = PBXGroup;
			children = (
				8169DAAE1EB1D42700EC97CC /* JYPhotoVideoListModel.h */,
				8169DAAF1EB1D42700EC97CC /* JYPhotoVideoListModel.m */,
				8169DAB01EB1D42700EC97CC /* UIImage+Color.h */,
				8169DAB11EB1D42700EC97CC /* UIImage+Color.m */,
				8169DAB21EB1D42700EC97CC /* UIImage+Extension.h */,
				8169DAB31EB1D42700EC97CC /* UIImage+Extension.m */,
				8169DAB41EB1D42700EC97CC /* UIImage+GIF_Play.h */,
				8169DAB51EB1D42700EC97CC /* UIImage+GIF_Play.m */,
				8169DAB61EB1D42700EC97CC /* UIImage+photoPicker.h */,
				8169DAB71EB1D42700EC97CC /* UIImage+photoPicker.m */,
			);
			path = UIImage;
			sourceTree = "<group>";
		};
		8169DAB81EB1D42700EC97CC /* UILabel */ = {
			isa = PBXGroup;
			children = (
				8169DAB91EB1D42700EC97CC /* NSMutableAttributedString+Addtion.h */,
				8169DABA1EB1D42700EC97CC /* NSMutableAttributedString+Addtion.m */,
				8169DABB1EB1D42700EC97CC /* NSObject+Addition.h */,
				8169DABC1EB1D42700EC97CC /* NSObject+Addition.m */,
				8169DABD1EB1D42700EC97CC /* UILabel+AttributedString.h */,
				8169DABE1EB1D42700EC97CC /* UILabel+AttributedString.m */,
				8169DABF1EB1D42700EC97CC /* UILabel+GetSize.h */,
				8169DAC01EB1D42700EC97CC /* UILabel+GetSize.m */,
			);
			path = UILabel;
			sourceTree = "<group>";
		};
		8169DAC11EB1D42700EC97CC /* UIView+EX */ = {
			isa = PBXGroup;
			children = (
				8169DAC21EB1D42700EC97CC /* UIViewExt.h */,
				8169DAC31EB1D42700EC97CC /* UIViewExt.m */,
			);
			path = "UIView+EX";
			sourceTree = "<group>";
		};
		8169DADD1EB1D93900EC97CC /* Class */ = {
			isa = PBXGroup;
			children = (
				8169DAE71EB1EE6600EC97CC /* UINav(导航) */,
				8169DAE01EB1D93900EC97CC /* VZLoginViewController.h */,
				8169DAE11EB1D93900EC97CC /* VZLoginViewController.m */,
			);
			path = Class;
			sourceTree = "<group>";
		};
		8169DAE71EB1EE6600EC97CC /* UINav(导航) */ = {
			isa = PBXGroup;
			children = (
				8169DAE81EB1EE6600EC97CC /* BaseNavigationViewController.h */,
				8169DAE91EB1EE6600EC97CC /* BaseNavigationViewController.m */,
				8169DAEA1EB1EE6600EC97CC /* VZTabbarViewController.h */,
				8169DAEB1EB1EE6600EC97CC /* VZTabbarViewController.m */,
				8169DAEE1EB1EE9900EC97CC /* VZTabBar.h */,
				8169DAEF1EB1EE9900EC97CC /* VZTabBar.m */,
			);
			path = "UINav(导航)";
			sourceTree = "<group>";
		};
		819C46EB1E88F67A001DCF2E = {
			isa = PBXGroup;
			children = (
				819C46F61E88F67A001DCF2E /* VZone */,
				819C47101E88F67A001DCF2E /* VZoneTests */,
				819C46F51E88F67A001DCF2E /* Products */,
				819C471B1E88F67A001DCF2E /* VZoneUITests */,
				237A14207E44CA08BACFDE79 /* Pods */,
				6A2B0855C0BBE24046463718 /* Frameworks */,
			);
			sourceTree = "<group>";
		};
		819C46F51E88F67A001DCF2E /* Products */ = {
			isa = PBXGroup;
			children = (
				819C46F41E88F67A001DCF2E /* VZone.app */,
				819C470D1E88F67A001DCF2E /* VZoneTests.xctest */,
				819C47181E88F67A001DCF2E /* VZoneUITests.xctest */,
			);
			name = Products;
			sourceTree = "<group>";
		};
		819C46F61E88F67A001DCF2E /* VZone */ = {
			isa = PBXGroup;
			children = (
				8169DADD1EB1D93900EC97CC /* Class */,
				8169D9FA1EB1D30C00EC97CC /* Bases */,
				8170BDC01E8A0FF900DEA49A /* Images.xcassets */,
				819C46F71E88F67A001DCF2E /* Supporting Files */,
			);
			path = VZone;
			sourceTree = "<group>";
		};
		819C46F71E88F67A001DCF2E /* Supporting Files */ = {
			isa = PBXGroup;
			children = (
				819C46F81E88F67A001DCF2E /* main.m */,
				819C473A1E891E44001DCF2E /* PrefixHeader.pch */,
			);
			name = "Supporting Files";
			sourceTree = "<group>";
		};
		819C47101E88F67A001DCF2E /* VZoneTests */ = {
			isa = PBXGroup;
			children = (
				819C47111E88F67A001DCF2E /* VZoneTests.m */,
				819C47131E88F67A001DCF2E /* Info.plist */,
			);
			path = VZoneTests;
			sourceTree = "<group>";
		};
		819C471B1E88F67A001DCF2E /* VZoneUITests */ = {
			isa = PBXGroup;
			children = (
				819C471C1E88F67A001DCF2E /* VZoneUITests.m */,
				819C471E1E88F67A001DCF2E /* Info.plist */,
			);
			path = VZoneUITests;
			sourceTree = "<group>";
		};
/* End PBXGroup section */

/* Begin PBXNativeTarget section */
		819C46F31E88F67A001DCF2E /* VZone */ = {
			isa = PBXNativeTarget;
			buildConfigurationList = 819C47211E88F67A001DCF2E /* Build configuration list for PBXNativeTarget "VZone" */;
			buildPhases = (
				6E8742A0124198E5CB8D0CD8 /* [CP] Check Pods Manifest.lock */,
				819C46F01E88F67A001DCF2E /* Sources */,
				819C46F11E88F67A001DCF2E /* Frameworks */,
				819C46F21E88F67A001DCF2E /* Resources */,
				F91DB9D61CE02CB23626EB90 /* [CP] Embed Pods Frameworks */,
				677E3EA738D872A42634826D /* [CP] Copy Pods Resources */,
			);
			buildRules = (
			);
			dependencies = (
			);
			name = VZone;
			productName = VZone;
			productReference = 819C46F41E88F67A001DCF2E /* VZone.app */;
			productType = "com.apple.product-type.application";
		};
		819C470C1E88F67A001DCF2E /* VZoneTests */ = {
			isa = PBXNativeTarget;
			buildConfigurationList = 819C47241E88F67A001DCF2E /* Build configuration list for PBXNativeTarget "VZoneTests" */;
			buildPhases = (
				819C47091E88F67A001DCF2E /* Sources */,
				819C470A1E88F67A001DCF2E /* Frameworks */,
				819C470B1E88F67A001DCF2E /* Resources */,
			);
			buildRules = (
			);
			dependencies = (
				819C470F1E88F67A001DCF2E /* PBXTargetDependency */,
			);
			name = VZoneTests;
			productName = VZoneTests;
			productReference = 819C470D1E88F67A001DCF2E /* VZoneTests.xctest */;
			productType = "com.apple.product-type.bundle.unit-test";
		};
		819C47171E88F67A001DCF2E /* VZoneUITests */ = {
			isa = PBXNativeTarget;
			buildConfigurationList = 819C47271E88F67A001DCF2E /* Build configuration list for PBXNativeTarget "VZoneUITests" */;
			buildPhases = (
				819C47141E88F67A001DCF2E /* Sources */,
				819C47151E88F67A001DCF2E /* Frameworks */,
				819C47161E88F67A001DCF2E /* Resources */,
			);
			buildRules = (
			);
			dependencies = (
				819C471A1E88F67A001DCF2E /* PBXTargetDependency */,
			);
			name = VZoneUITests;
			productName = VZoneUITests;
			productReference = 819C47181E88F67A001DCF2E /* VZoneUITests.xctest */;
			productType = "com.apple.product-type.bundle.ui-testing";
		};
/* End PBXNativeTarget section */

/* Begin PBXProject section */
		819C46EC1E88F67A001DCF2E /* Project object */ = {
			isa = PBXProject;
			attributes = {
				LastUpgradeCheck = 0820;
				ORGANIZATIONNAME = "guo xiaowei";
				TargetAttributes = {
					819C46F31E88F67A001DCF2E = {
						CreatedOnToolsVersion = 8.2.1;
						DevelopmentTeam = N5GUYQLDBX;
						ProvisioningStyle = Automatic;
					};
					819C470C1E88F67A001DCF2E = {
						CreatedOnToolsVersion = 8.2.1;
						DevelopmentTeam = N5GUYQLDBX;
						ProvisioningStyle = Automatic;
						TestTargetID = 819C46F31E88F67A001DCF2E;
					};
					819C47171E88F67A001DCF2E = {
						CreatedOnToolsVersion = 8.2.1;
						DevelopmentTeam = N5GUYQLDBX;
						ProvisioningStyle = Automatic;
						TestTargetID = 819C46F31E88F67A001DCF2E;
					};
				};
			};
			buildConfigurationList = 819C46EF1E88F67A001DCF2E /* Build configuration list for PBXProject "VZone" */;
			compatibilityVersion = "Xcode 3.2";
			developmentRegion = English;
			hasScannedForEncodings = 0;
			knownRegions = (
				en,
				Base,
			);
			mainGroup = 819C46EB1E88F67A001DCF2E;
			productRefGroup = 819C46F51E88F67A001DCF2E /* Products */;
			projectDirPath = "";
			projectRoot = "";
			targets = (
				819C46F31E88F67A001DCF2E /* VZone */,
				819C470C1E88F67A001DCF2E /* VZoneTests */,
				819C47171E88F67A001DCF2E /* VZoneUITests */,
			);
		};
/* End PBXProject section */

/* Begin PBXResourcesBuildPhase section */
		819C46F21E88F67A001DCF2E /* Resources */ = {
			isa = PBXResourcesBuildPhase;
			buildActionMask = 2147483647;
			files = (
				8169DA861EB1D30C00EC97CC /* TZImagePickerController.bundle in Resources */,
				8170BDC11E8A0FF900DEA49A /* Images.xcassets in Resources */,
			);
			runOnlyForDeploymentPostprocessing = 0;
		};
		819C470B1E88F67A001DCF2E /* Resources */ = {
			isa = PBXResourcesBuildPhase;
			buildActionMask = 2147483647;
			files = (
			);
			runOnlyForDeploymentPostprocessing = 0;
		};
		819C47161E88F67A001DCF2E /* Resources */ = {
			isa = PBXResourcesBuildPhase;
			buildActionMask = 2147483647;
			files = (
			);
			runOnlyForDeploymentPostprocessing = 0;
		};
/* End PBXResourcesBuildPhase section */

/* Begin PBXShellScriptBuildPhase section */
		677E3EA738D872A42634826D /* [CP] Copy Pods Resources */ = {
			isa = PBXShellScriptBuildPhase;
			buildActionMask = 2147483647;
			files = (
			);
			inputPaths = (
			);
			name = "[CP] Copy Pods Resources";
			outputPaths = (
			);
			runOnlyForDeploymentPostprocessing = 0;
			shellPath = /bin/sh;
			shellScript = "\"${SRCROOT}/Pods/Target Support Files/Pods-VZone/Pods-VZone-resources.sh\"\n";
			showEnvVarsInLog = 0;
		};
		6E8742A0124198E5CB8D0CD8 /* [CP] Check Pods Manifest.lock */ = {
			isa = PBXShellScriptBuildPhase;
			buildActionMask = 2147483647;
			files = (
			);
			inputPaths = (
			);
			name = "[CP] Check Pods Manifest.lock";
			outputPaths = (
			);
			runOnlyForDeploymentPostprocessing = 0;
			shellPath = /bin/sh;
			shellScript = "diff \"${PODS_ROOT}/../Podfile.lock\" \"${PODS_ROOT}/Manifest.lock\" > /dev/null\nif [ $? != 0 ] ; then\n    # print error to STDERR\n    echo \"error: The sandbox is not in sync with the Podfile.lock. Run 'pod install' or update your CocoaPods installation.\" >&2\n    exit 1\nfi\n";
			showEnvVarsInLog = 0;
		};
		F91DB9D61CE02CB23626EB90 /* [CP] Embed Pods Frameworks */ = {
			isa = PBXShellScriptBuildPhase;
			buildActionMask = 2147483647;
			files = (
			);
			inputPaths = (
			);
			name = "[CP] Embed Pods Frameworks";
			outputPaths = (
			);
			runOnlyForDeploymentPostprocessing = 0;
			shellPath = /bin/sh;
			shellScript = "\"${SRCROOT}/Pods/Target Support Files/Pods-VZone/Pods-VZone-frameworks.sh\"\n";
			showEnvVarsInLog = 0;
		};
/* End PBXShellScriptBuildPhase section */

/* Begin PBXSourcesBuildPhase section */
		819C46F01E88F67A001DCF2E /* Sources */ = {
			isa = PBXSourcesBuildPhase;
			buildActionMask = 2147483647;
			files = (
				8169DAD71EB1D42700EC97CC /* UILabel+GetSize.m in Sources */,
				8169DA831EB1D30C00EC97CC /* TZGifPhotoPreviewController.m in Sources */,
				8169DA901EB1D30C00EC97CC /* VZBaseResponse.m in Sources */,
				8169DACE1EB1D42700EC97CC /* UIButton+topImageButton.m in Sources */,
				8169DAD31EB1D42700EC97CC /* UIImage+photoPicker.m in Sources */,
				8169DA8D1EB1D30C00EC97CC /* UIView+Layout.m in Sources */,
				8169DAC61EB1D42700EC97CC /* NSDate+extension.m in Sources */,
				8169DACA1EB1D42700EC97CC /* NSString+WPXRegularExpression.m in Sources */,
				8169DA801EB1D30C00EC97CC /* NSBundle+TZImagePicker.m in Sources */,
				8169DACB1EB1D42700EC97CC /* EnlargeClickEven.m in Sources */,
				8169DA811EB1D30C00EC97CC /* TZAssetCell.m in Sources */,
				8169DAD51EB1D42700EC97CC /* NSObject+Addition.m in Sources */,
				8169DA881EB1D30C00EC97CC /* TZPhotoPickerController.m in Sources */,
				8169DAD61EB1D42700EC97CC /* UILabel+AttributedString.m in Sources */,
				8169DA8E1EB1D30C00EC97CC /* NSString+Hash.m in Sources */,
				8169DA851EB1D30C00EC97CC /* TZImageManager.m in Sources */,
				8169DADB1EB1D4E900EC97CC /* VZAccountTool.m in Sources */,
				8169DA8F1EB1D30C00EC97CC /* VZBaseNetWorkApi.m in Sources */,
				8169DAD21EB1D42700EC97CC /* UIImage+GIF_Play.m in Sources */,
				8169DAEC1EB1EE6600EC97CC /* BaseNavigationViewController.m in Sources */,
				8169DAD11EB1D42700EC97CC /* UIImage+Extension.m in Sources */,
				8169DAD81EB1D42700EC97CC /* UIViewExt.m in Sources */,
				8169DA691EB1D30C00EC97CC /* AppDelegate+RootController.m in Sources */,
				8169DAD01EB1D42700EC97CC /* UIImage+Color.m in Sources */,
				8169DAC91EB1D42700EC97CC /* NSString+Validate.m in Sources */,
				8169DAE51EB1D93900EC97CC /* VZLoginViewController.m in Sources */,
				8169DA671EB1D30C00EC97CC /* AppDelegate+AppLifeCircle.m in Sources */,
				8169DA841EB1D30C00EC97CC /* TZImageCropManager.m in Sources */,
				8169DA8C1EB1D30C00EC97CC /* TZVideoPlayerController.m in Sources */,
				8169DAC81EB1D42700EC97CC /* NSString+Extension.m in Sources */,
				8169DA7F1EB1D30C00EC97CC /* JYImagePickerManager.m in Sources */,
				8169DA681EB1D30C00EC97CC /* AppDelegate+AppService.m in Sources */,
				8169DAC51EB1D42700EC97CC /* NSData+Base64.m in Sources */,
				8169DAF01EB1EE9900EC97CC /* VZTabBar.m in Sources */,
				8169DA891EB1D30C00EC97CC /* TZPhotoPreviewCell.m in Sources */,
				8169DA8A1EB1D30C00EC97CC /* TZPhotoPreviewController.m in Sources */,
				8169DACD1EB1D42700EC97CC /* UIButton+EnlargeClickEven.m in Sources */,
				8169DACF1EB1D42700EC97CC /* JYPhotoVideoListModel.m in Sources */,
				8169DA911EB1D30C00EC97CC /* VZMineApiManager.m in Sources */,
				8169DACC1EB1D42700EC97CC /* UIBarButtonItem+WNXBarButtonItem.m in Sources */,
				8169DAD41EB1D42700EC97CC /* NSMutableAttributedString+Addtion.m in Sources */,
				8169DA821EB1D30C00EC97CC /* TZAssetModel.m in Sources */,
				8169DAED1EB1EE6600EC97CC /* VZTabbarViewController.m in Sources */,
				8169DAC41EB1D42700EC97CC /* NSObject+alertShow.m in Sources */,
				8169DA871EB1D30C00EC97CC /* TZImagePickerController.m in Sources */,
				8169DA8B1EB1D30C00EC97CC /* TZProgressView.m in Sources */,
				8169DA661EB1D30C00EC97CC /* VZAccount.m in Sources */,
				8169DA6A1EB1D30C00EC97CC /* AppDelegate.m in Sources */,
				8169DAC71EB1D42700EC97CC /* NSDate+Local.m in Sources */,
				819C46F91E88F67A001DCF2E /* main.m in Sources */,
			);
			runOnlyForDeploymentPostprocessing = 0;
		};
		819C47091E88F67A001DCF2E /* Sources */ = {
			isa = PBXSourcesBuildPhase;
			buildActionMask = 2147483647;
			files = (
				819C47121E88F67A001DCF2E /* VZoneTests.m in Sources */,
			);
			runOnlyForDeploymentPostprocessing = 0;
		};
		819C47141E88F67A001DCF2E /* Sources */ = {
			isa = PBXSourcesBuildPhase;
			buildActionMask = 2147483647;
			files = (
				819C471D1E88F67A001DCF2E /* VZoneUITests.m in Sources */,
			);
			runOnlyForDeploymentPostprocessing = 0;
		};
/* End PBXSourcesBuildPhase section */

/* Begin PBXTargetDependency section */
		819C470F1E88F67A001DCF2E /* PBXTargetDependency */ = {
			isa = PBXTargetDependency;
			target = 819C46F31E88F67A001DCF2E /* VZone */;
			targetProxy = 819C470E1E88F67A001DCF2E /* PBXContainerItemProxy */;
		};
		819C471A1E88F67A001DCF2E /* PBXTargetDependency */ = {
			isa = PBXTargetDependency;
			target = 819C46F31E88F67A001DCF2E /* VZone */;
			targetProxy = 819C47191E88F67A001DCF2E /* PBXContainerItemProxy */;
		};
/* End PBXTargetDependency section */

/* Begin XCBuildConfiguration section */
		819C471F1E88F67A001DCF2E /* Debug */ = {
			isa = XCBuildConfiguration;
			buildSettings = {
				ALWAYS_SEARCH_USER_PATHS = NO;
				CLANG_ANALYZER_NONNULL = YES;
				CLANG_CXX_LANGUAGE_STANDARD = "gnu++0x";
				CLANG_CXX_LIBRARY = "libc++";
				CLANG_ENABLE_MODULES = YES;
				CLANG_ENABLE_OBJC_ARC = YES;
				CLANG_WARN_BOOL_CONVERSION = YES;
				CLANG_WARN_CONSTANT_CONVERSION = YES;
				CLANG_WARN_DIRECT_OBJC_ISA_USAGE = YES_ERROR;
				CLANG_WARN_DOCUMENTATION_COMMENTS = YES;
				CLANG_WARN_EMPTY_BODY = YES;
				CLANG_WARN_ENUM_CONVERSION = YES;
				CLANG_WARN_INFINITE_RECURSION = YES;
				CLANG_WARN_INT_CONVERSION = YES;
				CLANG_WARN_OBJC_ROOT_CLASS = YES_ERROR;
				CLANG_WARN_SUSPICIOUS_MOVE = YES;
				CLANG_WARN_UNREACHABLE_CODE = YES;
				CLANG_WARN__DUPLICATE_METHOD_MATCH = YES;
				"CODE_SIGN_IDENTITY[sdk=iphoneos*]" = "iPhone Developer";
				COPY_PHASE_STRIP = NO;
				DEBUG_INFORMATION_FORMAT = dwarf;
				ENABLE_STRICT_OBJC_MSGSEND = YES;
				ENABLE_TESTABILITY = YES;
				GCC_C_LANGUAGE_STANDARD = gnu99;
				GCC_DYNAMIC_NO_PIC = NO;
				GCC_NO_COMMON_BLOCKS = YES;
				GCC_OPTIMIZATION_LEVEL = 0;
				GCC_PREPROCESSOR_DEFINITIONS = (
					"DEBUG=1",
					"$(inherited)",
				);
				GCC_WARN_64_TO_32_BIT_CONVERSION = YES;
				GCC_WARN_ABOUT_RETURN_TYPE = YES_ERROR;
				GCC_WARN_UNDECLARED_SELECTOR = YES;
				GCC_WARN_UNINITIALIZED_AUTOS = YES_AGGRESSIVE;
				GCC_WARN_UNUSED_FUNCTION = YES;
				GCC_WARN_UNUSED_VARIABLE = YES;
				IPHONEOS_DEPLOYMENT_TARGET = 8.0;
				MTL_ENABLE_DEBUG_INFO = YES;
				ONLY_ACTIVE_ARCH = YES;
				SDKROOT = iphoneos;
			};
			name = Debug;
		};
		819C47201E88F67A001DCF2E /* Release */ = {
			isa = XCBuildConfiguration;
			buildSettings = {
				ALWAYS_SEARCH_USER_PATHS = NO;
				CLANG_ANALYZER_NONNULL = YES;
				CLANG_CXX_LANGUAGE_STANDARD = "gnu++0x";
				CLANG_CXX_LIBRARY = "libc++";
				CLANG_ENABLE_MODULES = YES;
				CLANG_ENABLE_OBJC_ARC = YES;
				CLANG_WARN_BOOL_CONVERSION = YES;
				CLANG_WARN_CONSTANT_CONVERSION = YES;
				CLANG_WARN_DIRECT_OBJC_ISA_USAGE = YES_ERROR;
				CLANG_WARN_DOCUMENTATION_COMMENTS = YES;
				CLANG_WARN_EMPTY_BODY = YES;
				CLANG_WARN_ENUM_CONVERSION = YES;
				CLANG_WARN_INFINITE_RECURSION = YES;
				CLANG_WARN_INT_CONVERSION = YES;
				CLANG_WARN_OBJC_ROOT_CLASS = YES_ERROR;
				CLANG_WARN_SUSPICIOUS_MOVE = YES;
				CLANG_WARN_UNREACHABLE_CODE = YES;
				CLANG_WARN__DUPLICATE_METHOD_MATCH = YES;
				"CODE_SIGN_IDENTITY[sdk=iphoneos*]" = "iPhone Developer";
				COPY_PHASE_STRIP = NO;
				DEBUG_INFORMATION_FORMAT = "dwarf-with-dsym";
				ENABLE_NS_ASSERTIONS = NO;
				ENABLE_STRICT_OBJC_MSGSEND = YES;
				GCC_C_LANGUAGE_STANDARD = gnu99;
				GCC_NO_COMMON_BLOCKS = YES;
				GCC_WARN_64_TO_32_BIT_CONVERSION = YES;
				GCC_WARN_ABOUT_RETURN_TYPE = YES_ERROR;
				GCC_WARN_UNDECLARED_SELECTOR = YES;
				GCC_WARN_UNINITIALIZED_AUTOS = YES_AGGRESSIVE;
				GCC_WARN_UNUSED_FUNCTION = YES;
				GCC_WARN_UNUSED_VARIABLE = YES;
				IPHONEOS_DEPLOYMENT_TARGET = 8.0;
				MTL_ENABLE_DEBUG_INFO = NO;
				SDKROOT = iphoneos;
				VALIDATE_PRODUCT = YES;
			};
			name = Release;
		};
		819C47221E88F67A001DCF2E /* Debug */ = {
			isa = XCBuildConfiguration;
			baseConfigurationReference = D4F429DB0FD32340FE9D2145 /* Pods-VZone.debug.xcconfig */;
			buildSettings = {
				ASSETCATALOG_COMPILER_APPICON_NAME = AppIcon;
				ASSETCATALOG_COMPILER_LAUNCHIMAGE_NAME = LaunchImage;
				DEVELOPMENT_TEAM = N5GUYQLDBX;
				ENABLE_BITCODE = NO;
				GCC_PREFIX_HEADER = VZone/PrefixHeader.pch;
				INFOPLIST_FILE = VZone/Info.plist;
				IPHONEOS_DEPLOYMENT_TARGET = 8.0;
				LD_RUNPATH_SEARCH_PATHS = "$(inherited) @executable_path/Frameworks";
				PRODUCT_BUNDLE_IDENTIFIER = gxw.VZone;
				PRODUCT_NAME = "$(TARGET_NAME)";
			};
			name = Debug;
		};
		819C47231E88F67A001DCF2E /* Release */ = {
			isa = XCBuildConfiguration;
			baseConfigurationReference = 35B225310A0B49E99604E090 /* Pods-VZone.release.xcconfig */;
			buildSettings = {
				ASSETCATALOG_COMPILER_APPICON_NAME = AppIcon;
				ASSETCATALOG_COMPILER_LAUNCHIMAGE_NAME = LaunchImage;
				DEVELOPMENT_TEAM = N5GUYQLDBX;
				ENABLE_BITCODE = NO;
				GCC_PREFIX_HEADER = VZone/PrefixHeader.pch;
				INFOPLIST_FILE = VZone/Info.plist;
				IPHONEOS_DEPLOYMENT_TARGET = 8.0;
				LD_RUNPATH_SEARCH_PATHS = "$(inherited) @executable_path/Frameworks";
				PRODUCT_BUNDLE_IDENTIFIER = gxw.VZone;
				PRODUCT_NAME = "$(TARGET_NAME)";
			};
			name = Release;
		};
		819C47251E88F67A001DCF2E /* Debug */ = {
			isa = XCBuildConfiguration;
			buildSettings = {
				BUNDLE_LOADER = "$(TEST_HOST)";
				DEVELOPMENT_TEAM = N5GUYQLDBX;
				INFOPLIST_FILE = VZoneTests/Info.plist;
				LD_RUNPATH_SEARCH_PATHS = "$(inherited) @executable_path/Frameworks @loader_path/Frameworks";
				PRODUCT_BUNDLE_IDENTIFIER = gxw.VZoneTests;
				PRODUCT_NAME = "$(TARGET_NAME)";
				TEST_HOST = "$(BUILT_PRODUCTS_DIR)/VZone.app/VZone";
			};
			name = Debug;
		};
		819C47261E88F67A001DCF2E /* Release */ = {
			isa = XCBuildConfiguration;
			buildSettings = {
				BUNDLE_LOADER = "$(TEST_HOST)";
				DEVELOPMENT_TEAM = N5GUYQLDBX;
				INFOPLIST_FILE = VZoneTests/Info.plist;
				LD_RUNPATH_SEARCH_PATHS = "$(inherited) @executable_path/Frameworks @loader_path/Frameworks";
				PRODUCT_BUNDLE_IDENTIFIER = gxw.VZoneTests;
				PRODUCT_NAME = "$(TARGET_NAME)";
				TEST_HOST = "$(BUILT_PRODUCTS_DIR)/VZone.app/VZone";
			};
			name = Release;
		};
		819C47281E88F67A001DCF2E /* Debug */ = {
			isa = XCBuildConfiguration;
			buildSettings = {
				DEVELOPMENT_TEAM = N5GUYQLDBX;
				INFOPLIST_FILE = VZoneUITests/Info.plist;
				LD_RUNPATH_SEARCH_PATHS = "$(inherited) @executable_path/Frameworks @loader_path/Frameworks";
				PRODUCT_BUNDLE_IDENTIFIER = gxw.VZoneUITests;
				PRODUCT_NAME = "$(TARGET_NAME)";
				TEST_TARGET_NAME = VZone;
			};
			name = Debug;
		};
		819C47291E88F67A001DCF2E /* Release */ = {
			isa = XCBuildConfiguration;
			buildSettings = {
				DEVELOPMENT_TEAM = N5GUYQLDBX;
				INFOPLIST_FILE = VZoneUITests/Info.plist;
				LD_RUNPATH_SEARCH_PATHS = "$(inherited) @executable_path/Frameworks @loader_path/Frameworks";
				PRODUCT_BUNDLE_IDENTIFIER = gxw.VZoneUITests;
				PRODUCT_NAME = "$(TARGET_NAME)";
				TEST_TARGET_NAME = VZone;
			};
			name = Release;
		};
/* End XCBuildConfiguration section */

/* Begin XCConfigurationList section */
		819C46EF1E88F67A001DCF2E /* Build configuration list for PBXProject "VZone" */ = {
			isa = XCConfigurationList;
			buildConfigurations = (
				819C471F1E88F67A001DCF2E /* Debug */,
				819C47201E88F67A001DCF2E /* Release */,
			);
			defaultConfigurationIsVisible = 0;
			defaultConfigurationName = Release;
		};
		819C47211E88F67A001DCF2E /* Build configuration list for PBXNativeTarget "VZone" */ = {
			isa = XCConfigurationList;
			buildConfigurations = (
				819C47221E88F67A001DCF2E /* Debug */,
				819C47231E88F67A001DCF2E /* Release */,
			);
			defaultConfigurationIsVisible = 0;
			defaultConfigurationName = Release;
		};
		819C47241E88F67A001DCF2E /* Build configuration list for PBXNativeTarget "VZoneTests" */ = {
			isa = XCConfigurationList;
			buildConfigurations = (
				819C47251E88F67A001DCF2E /* Debug */,
				819C47261E88F67A001DCF2E /* Release */,
			);
			defaultConfigurationIsVisible = 0;
			defaultConfigurationName = Release;
		};
		819C47271E88F67A001DCF2E /* Build configuration list for PBXNativeTarget "VZoneUITests" */ = {
			isa = XCConfigurationList;
			buildConfigurations = (
				819C47281E88F67A001DCF2E /* Debug */,
				819C47291E88F67A001DCF2E /* Release */,
			);
			defaultConfigurationIsVisible = 0;
			defaultConfigurationName = Release;
		};
/* End XCConfigurationList section */
	};
	rootObject = 819C46EC1E88F67A001DCF2E /* Project object */;
}
